// !$*UTF8*$!
{
	archiveVersion = 1;
	classes = {
	};
	objectVersion = 46;
	objects = {

/* Begin PBXBuildFile section */
		0F02AAE514B3027300AABAA9 /* LoginViewController.m in Sources */ = {isa = PBXBuildFile; fileRef = 0F02AAE314B3027300AABAA9 /* LoginViewController.m */; };
		0F02AAE614B3027300AABAA9 /* LoginViewController.xib in Resources */ = {isa = PBXBuildFile; fileRef = 0F02AAE414B3027300AABAA9 /* LoginViewController.xib */; };
		0F02AAE914B305D200AABAA9 /* LoginUtils.m in Sources */ = {isa = PBXBuildFile; fileRef = 0F02AAE814B305D200AABAA9 /* LoginUtils.m */; };
		0F0AABCB1505D4C4008ABEF7 /* ListViewController_pad.m in Sources */ = {isa = PBXBuildFile; fileRef = 0F0AABCA1505D4C4008ABEF7 /* ListViewController_pad.m */; };
		0F19C27A1500EAE700BE2110 /* EditViewController.m in Sources */ = {isa = PBXBuildFile; fileRef = 0F19C2791500EAE700BE2110 /* EditViewController.m */; };
		0F3CAE9914EAA71300288F58 /* settings.png in Resources */ = {isa = PBXBuildFile; fileRef = 0F3CAE9814EAA71300288F58 /* settings.png */; };
		0F4723B915185A5B00DFF926 /* EditViewSectionItem.m in Sources */ = {isa = PBXBuildFile; fileRef = 0F4723B815185A5B00DFF926 /* EditViewSectionItem.m */; };
		0F48CD7C150657A300D36640 /* DetailViewController_pad.m in Sources */ = {isa = PBXBuildFile; fileRef = 0F48CD7B150657A300D36640 /* DetailViewController_pad.m */; };
		0F630929150F52ED0029C18A /* EditViewRowItem.m in Sources */ = {isa = PBXBuildFile; fileRef = 0F630928150F52ED0029C18A /* EditViewRowItem.m */; };
		0F7810FA14ECD38500ED61AF /* sync.png in Resources */ = {isa = PBXBuildFile; fileRef = 0F7810F914ECD38500ED61AF /* sync.png */; };
		0F81708114BEB1EE0061EF4D /* ModuleSettingsViewController.m in Sources */ = {isa = PBXBuildFile; fileRef = 0F81708014BEB1EE0061EF4D /* ModuleSettingsViewController.m */; };
		0F8225F714B724AD00DCC4A5 /* CustomBadge.m in Sources */ = {isa = PBXBuildFile; fileRef = 0F8225EC14B724AD00DCC4A5 /* CustomBadge.m */; };
		0F8225F814B724AD00DCC4A5 /* MyLauncherItem.m in Sources */ = {isa = PBXBuildFile; fileRef = 0F8225EE14B724AD00DCC4A5 /* MyLauncherItem.m */; };
		0F8225F914B724AD00DCC4A5 /* MyLauncherPageControl.m in Sources */ = {isa = PBXBuildFile; fileRef = 0F8225F014B724AD00DCC4A5 /* MyLauncherPageControl.m */; };
		0F8225FA14B724AD00DCC4A5 /* MyLauncherScrollView.m in Sources */ = {isa = PBXBuildFile; fileRef = 0F8225F214B724AD00DCC4A5 /* MyLauncherScrollView.m */; };
		0F8225FB14B724AD00DCC4A5 /* MyLauncherView.m in Sources */ = {isa = PBXBuildFile; fileRef = 0F8225F414B724AD00DCC4A5 /* MyLauncherView.m */; };
		0F8225FC14B724AD00DCC4A5 /* MyLauncherViewController.m in Sources */ = {isa = PBXBuildFile; fileRef = 0F8225F614B724AD00DCC4A5 /* MyLauncherViewController.m */; };
		0F937AB4152C21D900E043BC /* RecentViewController_pad.m in Sources */ = {isa = PBXBuildFile; fileRef = 0F937AB3152C21D900E043BC /* RecentViewController_pad.m */; };
		0F93BDEF1524530700E57E80 /* RelationsViewController.m in Sources */ = {isa = PBXBuildFile; fileRef = 0F93BDEE1524530700E57E80 /* RelationsViewController.m */; };
		0FB17A0214B5A14E004F0C80 /* QuartzCore.framework in Frameworks */ = {isa = PBXBuildFile; fileRef = 0FB17A0114B5A14E004F0C80 /* QuartzCore.framework */; };
		0FB17C2C14B5B38E004F0C80 /* DashboardController.m in Sources */ = {isa = PBXBuildFile; fileRef = 0FB17C2B14B5B38E004F0C80 /* DashboardController.m */; };
		0FB17C3214B5BF81004F0C80 /* itemImage.png in Resources */ = {isa = PBXBuildFile; fileRef = 0FB17C3114B5BF81004F0C80 /* itemImage.png */; };
		0FB7864014F38573004C2CD9 /* SyncSettingsViewController.m in Sources */ = {isa = PBXBuildFile; fileRef = 0FB7863F14F38573004C2CD9 /* SyncSettingsViewController.m */; };
		0FB7DAF014BC36EB00E9F794 /* SettingsStore.m in Sources */ = {isa = PBXBuildFile; fileRef = 0FB7DAEF14BC36EA00E9F794 /* SettingsStore.m */; };
		0FB9F83A14DC17050084BF7E /* ApplicationKeyStore.m in Sources */ = {isa = PBXBuildFile; fileRef = 0FB9F83914DC17050084BF7E /* ApplicationKeyStore.m */; };
		0FB9F84014DC20380084BF7E /* Security.framework in Frameworks */ = {isa = PBXBuildFile; fileRef = 0FB9F83F14DC20380084BF7E /* Security.framework */; };
		0FCE1ADE14D2678B00CE04FB /* ModuleSettingsDataStore.m in Sources */ = {isa = PBXBuildFile; fileRef = 0FCE1ADD14D2678B00CE04FB /* ModuleSettingsDataStore.m */; };
		0FCE1AE214D2846C00CE04FB /* ModuleSettingsObject.m in Sources */ = {isa = PBXBuildFile; fileRef = 0FCE1AE114D2846C00CE04FB /* ModuleSettingsObject.m */; };
		0FE5286915592DC4002D8AD2 /* Recent.png in Resources */ = {isa = PBXBuildFile; fileRef = 0FE5286715592DC4002D8AD2 /* Recent.png */; };
		0FE5286A15592DC4002D8AD2 /* Recent@2x.png in Resources */ = {isa = PBXBuildFile; fileRef = 0FE5286815592DC4002D8AD2 /* Recent@2x.png */; };
		0FE5286D15592E26002D8AD2 /* manage.png in Resources */ = {isa = PBXBuildFile; fileRef = 0FE5286C15592E26002D8AD2 /* manage.png */; };
		0FE6ADC714F6099A0055EFF8 /* PanCake_Logo.png in Resources */ = {isa = PBXBuildFile; fileRef = 0FE6ADC614F6099A0055EFF8 /* PanCake_Logo.png */; };
		0FE861F114F3B38C0065B585 /* background.png in Resources */ = {isa = PBXBuildFile; fileRef = 0FE861F014F3B38C0065B585 /* background.png */; };
		0FEA45511507257300390F2A /* SplitViewController.m in Sources */ = {isa = PBXBuildFile; fileRef = 0FEA45501507257300390F2A /* SplitViewController.m */; };
		0FEA4577150753EE00390F2A /* LoginViewController~ipad.xib in Resources */ = {isa = PBXBuildFile; fileRef = 0FEA4576150753ED00390F2A /* LoginViewController~ipad.xib */; };
		0FF14D6B151092E300BB6969 /* DefaultDetailView.xib in Resources */ = {isa = PBXBuildFile; fileRef = 0FF14D6A151092E300BB6969 /* DefaultDetailView.xib */; };
		0FF27E9014DA622B002169D7 /* AppSettingsViewController.m in Sources */ = {isa = PBXBuildFile; fileRef = 0FF27E8F14DA622B002169D7 /* AppSettingsViewController.m */; };
		0FF27E9314DA63F6002169D7 /* TextFieldTableCell.xib in Resources */ = {isa = PBXBuildFile; fileRef = 0FF27E9214DA63F6002169D7 /* TextFieldTableCell.xib */; };
		0FF27E9614DA6422002169D7 /* TextFieldTableCell.m in Sources */ = {isa = PBXBuildFile; fileRef = 0FF27E9514DA6422002169D7 /* TextFieldTableCell.m */; };
		0FF81BD214F758AD00A3E04A /* Icon-72.png in Resources */ = {isa = PBXBuildFile; fileRef = 0FF81BCF14F758AD00A3E04A /* Icon-72.png */; };
		0FF81BD314F758AD00A3E04A /* Icon.png in Resources */ = {isa = PBXBuildFile; fileRef = 0FF81BD014F758AD00A3E04A /* Icon.png */; };
		0FF81BD414F758AD00A3E04A /* Icon@2x.png in Resources */ = {isa = PBXBuildFile; fileRef = 0FF81BD114F758AD00A3E04A /* Icon@2x.png */; };
		0FFBEE0915459853002CB106 /* DBHelper.m in Sources */ = {isa = PBXBuildFile; fileRef = 0FFBEE0815459853002CB106 /* DBHelper.m */; };
		0FFE2AB514EE60CB00F90C4E /* Accounts.png in Resources */ = {isa = PBXBuildFile; fileRef = 0FFE2AAA14EE60CB00F90C4E /* Accounts.png */; };
		0FFE2AB614EE60CB00F90C4E /* Accounts@2x.png in Resources */ = {isa = PBXBuildFile; fileRef = 0FFE2AAB14EE60CB00F90C4E /* Accounts@2x.png */; };
		0FFE2AB714EE60CB00F90C4E /* Calls.png in Resources */ = {isa = PBXBuildFile; fileRef = 0FFE2AAC14EE60CB00F90C4E /* Calls.png */; };
		0FFE2AB814EE60CB00F90C4E /* Calls@2x.png in Resources */ = {isa = PBXBuildFile; fileRef = 0FFE2AAD14EE60CB00F90C4E /* Calls@2x.png */; };
		0FFE2AB914EE60CB00F90C4E /* Campaigns.png in Resources */ = {isa = PBXBuildFile; fileRef = 0FFE2AAE14EE60CB00F90C4E /* Campaigns.png */; };
		0FFE2ABA14EE60CB00F90C4E /* Campaigns@2x.png in Resources */ = {isa = PBXBuildFile; fileRef = 0FFE2AAF14EE60CB00F90C4E /* Campaigns@2x.png */; };
		0FFE2ABB14EE60CB00F90C4E /* Cases.png in Resources */ = {isa = PBXBuildFile; fileRef = 0FFE2AB014EE60CB00F90C4E /* Cases.png */; };
		0FFE2ABC14EE60CB00F90C4E /* Cases@2x.png in Resources */ = {isa = PBXBuildFile; fileRef = 0FFE2AB114EE60CB00F90C4E /* Cases@2x.png */; };
		0FFE2ABD14EE60CB00F90C4E /* Contacts.png in Resources */ = {isa = PBXBuildFile; fileRef = 0FFE2AB214EE60CB00F90C4E /* Contacts.png */; };
		0FFE2ABE14EE60CB00F90C4E /* Contacts@2x.png in Resources */ = {isa = PBXBuildFile; fileRef = 0FFE2AB314EE60CB00F90C4E /* Contacts@2x.png */; };
		0FFE2ABF14EE60CB00F90C4E /* Leads.png in Resources */ = {isa = PBXBuildFile; fileRef = 0FFE2AB414EE60CB00F90C4E /* Leads.png */; };
		0FFE2AC614EE60E300F90C4E /* Leads@2x.png in Resources */ = {isa = PBXBuildFile; fileRef = 0FFE2AC114EE60E300F90C4E /* Leads@2x.png */; };
		0FFE2AC714EE60E300F90C4E /* Meetings.png in Resources */ = {isa = PBXBuildFile; fileRef = 0FFE2AC214EE60E300F90C4E /* Meetings.png */; };
		0FFE2AC814EE60E300F90C4E /* Meetings@2x.png in Resources */ = {isa = PBXBuildFile; fileRef = 0FFE2AC314EE60E300F90C4E /* Meetings@2x.png */; };
		0FFE2AC914EE60E300F90C4E /* Opportunities.png in Resources */ = {isa = PBXBuildFile; fileRef = 0FFE2AC414EE60E300F90C4E /* Opportunities.png */; };
		0FFE2ACA14EE60E300F90C4E /* Opportunities@2x.png in Resources */ = {isa = PBXBuildFile; fileRef = 0FFE2AC514EE60E300F90C4E /* Opportunities@2x.png */; };
		2F05832D152B06EC006DCD26 /* RecentViewController.m in Sources */ = {isa = PBXBuildFile; fileRef = 2F05832C152B06EA006DCD26 /* RecentViewController.m */; };
		2F6C46A0148676A400865C25 /* OrderedDictionary.m in Sources */ = {isa = PBXBuildFile; fileRef = 2F6C469D148676A300865C25 /* OrderedDictionary.m */; };
		2F6C46A1148676A400865C25 /* JSONKit.m in Sources */ = {isa = PBXBuildFile; fileRef = 2F6C469F148676A300865C25 /* JSONKit.m */; settings = {COMPILER_FLAGS = "-fno-objc-arc"; }; };
		2FB5CD1814D79C1A00C3898F /* CRMMetadata.plist in Resources */ = {isa = PBXBuildFile; fileRef = 2FB5CD1714D79C1A00C3898F /* CRMMetadata.plist */; };
		2FBBDFC41495DDF0000CFB80 /* RootViewController.m in Sources */ = {isa = PBXBuildFile; fileRef = 2FBBDFC31495DDF0000CFB80 /* RootViewController.m */; };
		2FBBDFC8149644B5000CFB80 /* SyncHandler.m in Sources */ = {isa = PBXBuildFile; fileRef = 2FBBDFC7149644B5000CFB80 /* SyncHandler.m */; };
		2FBFC5AD150DF1EE00A4831B /* SystemConfiguration.framework in Frameworks */ = {isa = PBXBuildFile; fileRef = 2FBFC5AC150DF1EE00A4831B /* SystemConfiguration.framework */; };
		2FCB48F214A21328009079A1 /* DetailViewRowItem.m in Sources */ = {isa = PBXBuildFile; fileRef = 2FCB48EB14A21328009079A1 /* DetailViewRowItem.m */; };
		2FCB48F314A21328009079A1 /* DetailViewSectionItem.m in Sources */ = {isa = PBXBuildFile; fileRef = 2FCB48ED14A21328009079A1 /* DetailViewSectionItem.m */; };
		2FCB48F414A21328009079A1 /* DetailViewController.m in Sources */ = {isa = PBXBuildFile; fileRef = 2FCB48EF14A21328009079A1 /* DetailViewController.m */; };
		2FD9F492148D0A8900446A5F /* libsqlite3.dylib in Frameworks */ = {isa = PBXBuildFile; fileRef = 2FD9F491148D0A8900446A5F /* libsqlite3.dylib */; };
		2FD9F4B9148D0DEC00446A5F /* SqliteObj.m in Sources */ = {isa = PBXBuildFile; fileRef = 2FD9F4B8148D0DEB00446A5F /* SqliteObj.m */; };
		2FFC25A2148EB17B0060D5A6 /* CRMDatabase.db in Resources */ = {isa = PBXBuildFile; fileRef = 2FFC25A1148EB17B0060D5A6 /* CRMDatabase.db */; };
		3B3E6276148E2F8A002BAE48 /* ListViewMetadata.m in Sources */ = {isa = PBXBuildFile; fileRef = 3B3E6275148E2F8A002BAE48 /* ListViewMetadata.m */; };
		3B3E627A148E32AE002BAE48 /* ListViewController.m in Sources */ = {isa = PBXBuildFile; fileRef = 3B3E6279148E32AE002BAE48 /* ListViewController.m */; };
		3B3E627E148E35D9002BAE48 /* DetailViewMetadata.m in Sources */ = {isa = PBXBuildFile; fileRef = 3B3E627D148E35D9002BAE48 /* DetailViewMetadata.m */; };
		3B504E5714862E410037D75E /* DBMetadata.m in Sources */ = {isa = PBXBuildFile; fileRef = 3B504E5614862E410037D75E /* DBMetadata.m */; };
		3B5C97D1147CF7BC007EF770 /* UIKit.framework in Frameworks */ = {isa = PBXBuildFile; fileRef = 3B5C97D0147CF7BC007EF770 /* UIKit.framework */; };
		3B5C97D3147CF7BC007EF770 /* Foundation.framework in Frameworks */ = {isa = PBXBuildFile; fileRef = 3B5C97D2147CF7BC007EF770 /* Foundation.framework */; };
		3B5C97D5147CF7BC007EF770 /* CoreGraphics.framework in Frameworks */ = {isa = PBXBuildFile; fileRef = 3B5C97D4147CF7BC007EF770 /* CoreGraphics.framework */; };
		3B5C97DB147CF7BC007EF770 /* InfoPlist.strings in Resources */ = {isa = PBXBuildFile; fileRef = 3B5C97D9147CF7BC007EF770 /* InfoPlist.strings */; };
		3B5C97DD147CF7BC007EF770 /* main.m in Sources */ = {isa = PBXBuildFile; fileRef = 3B5C97DC147CF7BC007EF770 /* main.m */; };
		3B5C97E1147CF7BD007EF770 /* AppDelegate.m in Sources */ = {isa = PBXBuildFile; fileRef = 3B5C97E0147CF7BD007EF770 /* AppDelegate.m */; };
		3B5C97EF147CF7BD007EF770 /* SenTestingKit.framework in Frameworks */ = {isa = PBXBuildFile; fileRef = 3B5C97EE147CF7BD007EF770 /* SenTestingKit.framework */; };
		3B5C97F0147CF7BD007EF770 /* UIKit.framework in Frameworks */ = {isa = PBXBuildFile; fileRef = 3B5C97D0147CF7BC007EF770 /* UIKit.framework */; };
		3B5C97F1147CF7BD007EF770 /* Foundation.framework in Frameworks */ = {isa = PBXBuildFile; fileRef = 3B5C97D2147CF7BC007EF770 /* Foundation.framework */; };
		3B5C97F9147CF7BD007EF770 /* InfoPlist.strings in Resources */ = {isa = PBXBuildFile; fileRef = 3B5C97F7147CF7BD007EF770 /* InfoPlist.strings */; };
		3B5C97FC147CF7BD007EF770 /* iSugarCRMTests.m in Sources */ = {isa = PBXBuildFile; fileRef = 3B5C97FB147CF7BD007EF770 /* iSugarCRMTests.m */; };
		3B5C9808147CF800007EF770 /* MetadataStore.m in Sources */ = {isa = PBXBuildFile; fileRef = 3B5C9807147CF800007EF770 /* MetadataStore.m */; };
		3B5C980E147CF82A007EF770 /* ViewMetadataStore.m in Sources */ = {isa = PBXBuildFile; fileRef = 3B5C980D147CF82A007EF770 /* ViewMetadataStore.m */; };
		3B5C9811147CF83E007EF770 /* WebserviceSession.m in Sources */ = {isa = PBXBuildFile; fileRef = 3B5C9810147CF83E007EF770 /* WebserviceSession.m */; };
		3B5C9814147CF850007EF770 /* DBSession.m in Sources */ = {isa = PBXBuildFile; fileRef = 3B5C9813147CF850007EF770 /* DBSession.m */; };
		3B5C9817147CF85F007EF770 /* ViewSession.m in Sources */ = {isa = PBXBuildFile; fileRef = 3B5C9816147CF85F007EF770 /* ViewSession.m */; };
		3B5C981E1484BE27007EF770 /* WebserviceMetadata.m in Sources */ = {isa = PBXBuildFile; fileRef = 3B5C981D1484BE26007EF770 /* WebserviceMetadata.m */; };
		3B5C98221484C2DA007EF770 /* SugarCRMMetadataStore.m in Sources */ = {isa = PBXBuildFile; fileRef = 3B5C98211484C2DA007EF770 /* SugarCRMMetadataStore.m */; };
		3B5C98251484F086007EF770 /* DataObjectField.m in Sources */ = {isa = PBXBuildFile; fileRef = 3B5C98241484F083007EF770 /* DataObjectField.m */; };
		3B5C98281484F150007EF770 /* DataObjectMetadata.m in Sources */ = {isa = PBXBuildFile; fileRef = 3B5C98271484F14E007EF770 /* DataObjectMetadata.m */; };
		3B5C982B1484F1E5007EF770 /* DataObject.m in Sources */ = {isa = PBXBuildFile; fileRef = 3B5C982A1484F1E2007EF770 /* DataObject.m */; };
		4E88CED6156CE3ED005E9413 /* Leads.js in Sources */ = {isa = PBXBuildFile; fileRef = 4E88CED4156CE3ED005E9413 /* Leads.js */; };
		4E88CED7156CE3ED005E9413 /* Main.js in Sources */ = {isa = PBXBuildFile; fileRef = 4E88CED5156CE3ED005E9413 /* Main.js */; };
		4E9453CF156BB7B300F8867E /* Login.js in Sources */ = {isa = PBXBuildFile; fileRef = 4E9453C9156BB7B300F8867E /* Login.js */; };
		4E9453D0156BB7B300F8867E /* Moduleicons.js in Sources */ = {isa = PBXBuildFile; fileRef = 4E9453CA156BB7B300F8867E /* Moduleicons.js */; };
		4E9453D2156BB7B300F8867E /* Settings.js in Sources */ = {isa = PBXBuildFile; fileRef = 4E9453CC156BB7B300F8867E /* Settings.js */; };
		4E9453D3156BB7B300F8867E /* Syncsetup.js in Sources */ = {isa = PBXBuildFile; fileRef = 4E9453CD156BB7B300F8867E /* Syncsetup.js */; };
/* End PBXBuildFile section */

/* Begin PBXContainerItemProxy section */
		3B5C97F2147CF7BD007EF770 /* PBXContainerItemProxy */ = {
			isa = PBXContainerItemProxy;
			containerPortal = 3B5C97C3147CF7BC007EF770 /* Project object */;
			proxyType = 1;
			remoteGlobalIDString = 3B5C97CB147CF7BC007EF770;
			remoteInfo = iSugarCRM;
		};
/* End PBXContainerItemProxy section */

/* Begin PBXFileReference section */
		0F02AAE214B3027300AABAA9 /* LoginViewController.h */ = {isa = PBXFileReference; fileEncoding = 4; lastKnownFileType = sourcecode.c.h; path = LoginViewController.h; sourceTree = "<group>"; };
		0F02AAE314B3027300AABAA9 /* LoginViewController.m */ = {isa = PBXFileReference; fileEncoding = 4; lastKnownFileType = sourcecode.c.objc; path = LoginViewController.m; sourceTree = "<group>"; };
		0F02AAE414B3027300AABAA9 /* LoginViewController.xib */ = {isa = PBXFileReference; fileEncoding = 4; lastKnownFileType = file.xib; path = LoginViewController.xib; sourceTree = "<group>"; };
		0F02AAE714B305D200AABAA9 /* LoginUtils.h */ = {isa = PBXFileReference; fileEncoding = 4; lastKnownFileType = sourcecode.c.h; path = LoginUtils.h; sourceTree = "<group>"; };
		0F02AAE814B305D200AABAA9 /* LoginUtils.m */ = {isa = PBXFileReference; fileEncoding = 4; lastKnownFileType = sourcecode.c.objc; path = LoginUtils.m; sourceTree = "<group>"; };
		0F0AABC91505D4C4008ABEF7 /* ListViewController_pad.h */ = {isa = PBXFileReference; fileEncoding = 4; lastKnownFileType = sourcecode.c.h; path = ListViewController_pad.h; sourceTree = "<group>"; };
		0F0AABCA1505D4C4008ABEF7 /* ListViewController_pad.m */ = {isa = PBXFileReference; fileEncoding = 4; lastKnownFileType = sourcecode.c.objc; path = ListViewController_pad.m; sourceTree = "<group>"; };
		0F19C2781500EAE700BE2110 /* EditViewController.h */ = {isa = PBXFileReference; fileEncoding = 4; lastKnownFileType = sourcecode.c.h; path = EditViewController.h; sourceTree = "<group>"; };
		0F19C2791500EAE700BE2110 /* EditViewController.m */ = {isa = PBXFileReference; fileEncoding = 4; lastKnownFileType = sourcecode.c.objc; path = EditViewController.m; sourceTree = "<group>"; };
		0F3CAE9814EAA71300288F58 /* settings.png */ = {isa = PBXFileReference; lastKnownFileType = image.png; path = settings.png; sourceTree = "<group>"; };
		0F4723B715185A5B00DFF926 /* EditViewSectionItem.h */ = {isa = PBXFileReference; fileEncoding = 4; lastKnownFileType = sourcecode.c.h; path = EditViewSectionItem.h; sourceTree = "<group>"; };
		0F4723B815185A5B00DFF926 /* EditViewSectionItem.m */ = {isa = PBXFileReference; fileEncoding = 4; lastKnownFileType = sourcecode.c.objc; path = EditViewSectionItem.m; sourceTree = "<group>"; };
		0F48CD7A150657A300D36640 /* DetailViewController_pad.h */ = {isa = PBXFileReference; fileEncoding = 4; lastKnownFileType = sourcecode.c.h; path = DetailViewController_pad.h; sourceTree = "<group>"; };
		0F48CD7B150657A300D36640 /* DetailViewController_pad.m */ = {isa = PBXFileReference; fileEncoding = 4; lastKnownFileType = sourcecode.c.objc; path = DetailViewController_pad.m; sourceTree = "<group>"; };
		0F630927150F52ED0029C18A /* EditViewRowItem.h */ = {isa = PBXFileReference; fileEncoding = 4; lastKnownFileType = sourcecode.c.h; path = EditViewRowItem.h; sourceTree = "<group>"; };
		0F630928150F52ED0029C18A /* EditViewRowItem.m */ = {isa = PBXFileReference; fileEncoding = 4; lastKnownFileType = sourcecode.c.objc; path = EditViewRowItem.m; sourceTree = "<group>"; };
		0F7810F914ECD38500ED61AF /* sync.png */ = {isa = PBXFileReference; lastKnownFileType = image.png; path = sync.png; sourceTree = "<group>"; };
		0F81707F14BEB1EE0061EF4D /* ModuleSettingsViewController.h */ = {isa = PBXFileReference; fileEncoding = 4; lastKnownFileType = sourcecode.c.h; path = ModuleSettingsViewController.h; sourceTree = "<group>"; };
		0F81708014BEB1EE0061EF4D /* ModuleSettingsViewController.m */ = {isa = PBXFileReference; fileEncoding = 4; lastKnownFileType = sourcecode.c.objc; path = ModuleSettingsViewController.m; sourceTree = "<group>"; };
		0F8225EB14B724AD00DCC4A5 /* CustomBadge.h */ = {isa = PBXFileReference; fileEncoding = 4; lastKnownFileType = sourcecode.c.h; path = CustomBadge.h; sourceTree = "<group>"; };
		0F8225EC14B724AD00DCC4A5 /* CustomBadge.m */ = {isa = PBXFileReference; fileEncoding = 4; lastKnownFileType = sourcecode.c.objc; path = CustomBadge.m; sourceTree = "<group>"; };
		0F8225ED14B724AD00DCC4A5 /* MyLauncherItem.h */ = {isa = PBXFileReference; fileEncoding = 4; lastKnownFileType = sourcecode.c.h; path = MyLauncherItem.h; sourceTree = "<group>"; };
		0F8225EE14B724AD00DCC4A5 /* MyLauncherItem.m */ = {isa = PBXFileReference; fileEncoding = 4; lastKnownFileType = sourcecode.c.objc; path = MyLauncherItem.m; sourceTree = "<group>"; };
		0F8225EF14B724AD00DCC4A5 /* MyLauncherPageControl.h */ = {isa = PBXFileReference; fileEncoding = 4; lastKnownFileType = sourcecode.c.h; path = MyLauncherPageControl.h; sourceTree = "<group>"; };
		0F8225F014B724AD00DCC4A5 /* MyLauncherPageControl.m */ = {isa = PBXFileReference; fileEncoding = 4; lastKnownFileType = sourcecode.c.objc; path = MyLauncherPageControl.m; sourceTree = "<group>"; };
		0F8225F114B724AD00DCC4A5 /* MyLauncherScrollView.h */ = {isa = PBXFileReference; fileEncoding = 4; lastKnownFileType = sourcecode.c.h; path = MyLauncherScrollView.h; sourceTree = "<group>"; };
		0F8225F214B724AD00DCC4A5 /* MyLauncherScrollView.m */ = {isa = PBXFileReference; fileEncoding = 4; lastKnownFileType = sourcecode.c.objc; path = MyLauncherScrollView.m; sourceTree = "<group>"; };
		0F8225F314B724AD00DCC4A5 /* MyLauncherView.h */ = {isa = PBXFileReference; fileEncoding = 4; lastKnownFileType = sourcecode.c.h; path = MyLauncherView.h; sourceTree = "<group>"; };
		0F8225F414B724AD00DCC4A5 /* MyLauncherView.m */ = {isa = PBXFileReference; fileEncoding = 4; lastKnownFileType = sourcecode.c.objc; path = MyLauncherView.m; sourceTree = "<group>"; };
		0F8225F514B724AD00DCC4A5 /* MyLauncherViewController.h */ = {isa = PBXFileReference; fileEncoding = 4; lastKnownFileType = sourcecode.c.h; path = MyLauncherViewController.h; sourceTree = "<group>"; };
		0F8225F614B724AD00DCC4A5 /* MyLauncherViewController.m */ = {isa = PBXFileReference; fileEncoding = 4; lastKnownFileType = sourcecode.c.objc; path = MyLauncherViewController.m; sourceTree = "<group>"; };
		0F937AB2152C21D800E043BC /* RecentViewController_pad.h */ = {isa = PBXFileReference; fileEncoding = 4; lastKnownFileType = sourcecode.c.h; path = RecentViewController_pad.h; sourceTree = "<group>"; };
		0F937AB3152C21D900E043BC /* RecentViewController_pad.m */ = {isa = PBXFileReference; fileEncoding = 4; lastKnownFileType = sourcecode.c.objc; path = RecentViewController_pad.m; sourceTree = "<group>"; };
		0F93BDED1524530700E57E80 /* RelationsViewController.h */ = {isa = PBXFileReference; fileEncoding = 4; lastKnownFileType = sourcecode.c.h; path = RelationsViewController.h; sourceTree = "<group>"; };
		0F93BDEE1524530700E57E80 /* RelationsViewController.m */ = {isa = PBXFileReference; fileEncoding = 4; lastKnownFileType = sourcecode.c.objc; path = RelationsViewController.m; sourceTree = "<group>"; };
		0FB17A0114B5A14E004F0C80 /* QuartzCore.framework */ = {isa = PBXFileReference; lastKnownFileType = wrapper.framework; name = QuartzCore.framework; path = System/Library/Frameworks/QuartzCore.framework; sourceTree = SDKROOT; };
		0FB17C2A14B5B38E004F0C80 /* DashboardController.h */ = {isa = PBXFileReference; fileEncoding = 4; lastKnownFileType = sourcecode.c.h; path = DashboardController.h; sourceTree = "<group>"; };
		0FB17C2B14B5B38E004F0C80 /* DashboardController.m */ = {isa = PBXFileReference; fileEncoding = 4; lastKnownFileType = sourcecode.c.objc; path = DashboardController.m; sourceTree = "<group>"; };
		0FB17C3114B5BF81004F0C80 /* itemImage.png */ = {isa = PBXFileReference; lastKnownFileType = image.png; path = itemImage.png; sourceTree = "<group>"; };
		0FB7863E14F38573004C2CD9 /* SyncSettingsViewController.h */ = {isa = PBXFileReference; fileEncoding = 4; lastKnownFileType = sourcecode.c.h; path = SyncSettingsViewController.h; sourceTree = "<group>"; };
		0FB7863F14F38573004C2CD9 /* SyncSettingsViewController.m */ = {isa = PBXFileReference; fileEncoding = 4; lastKnownFileType = sourcecode.c.objc; path = SyncSettingsViewController.m; sourceTree = "<group>"; };
		0FB7DAEE14BC36EA00E9F794 /* SettingsStore.h */ = {isa = PBXFileReference; fileEncoding = 4; lastKnownFileType = sourcecode.c.h; path = SettingsStore.h; sourceTree = "<group>"; };
		0FB7DAEF14BC36EA00E9F794 /* SettingsStore.m */ = {isa = PBXFileReference; fileEncoding = 4; lastKnownFileType = sourcecode.c.objc; path = SettingsStore.m; sourceTree = "<group>"; };
		0FB9F83814DC17050084BF7E /* ApplicationKeyStore.h */ = {isa = PBXFileReference; fileEncoding = 4; lastKnownFileType = sourcecode.c.h; path = ApplicationKeyStore.h; sourceTree = "<group>"; };
		0FB9F83914DC17050084BF7E /* ApplicationKeyStore.m */ = {isa = PBXFileReference; fileEncoding = 4; lastKnownFileType = sourcecode.c.objc; path = ApplicationKeyStore.m; sourceTree = "<group>"; };
		0FB9F83F14DC20380084BF7E /* Security.framework */ = {isa = PBXFileReference; lastKnownFileType = wrapper.framework; name = Security.framework; path = System/Library/Frameworks/Security.framework; sourceTree = SDKROOT; };
		0FCE1ADC14D2678B00CE04FB /* ModuleSettingsDataStore.h */ = {isa = PBXFileReference; fileEncoding = 4; lastKnownFileType = sourcecode.c.h; path = ModuleSettingsDataStore.h; sourceTree = "<group>"; };
		0FCE1ADD14D2678B00CE04FB /* ModuleSettingsDataStore.m */ = {isa = PBXFileReference; fileEncoding = 4; lastKnownFileType = sourcecode.c.objc; path = ModuleSettingsDataStore.m; sourceTree = "<group>"; };
		0FCE1AE014D2846C00CE04FB /* ModuleSettingsObject.h */ = {isa = PBXFileReference; fileEncoding = 4; lastKnownFileType = sourcecode.c.h; path = ModuleSettingsObject.h; sourceTree = "<group>"; };
		0FCE1AE114D2846C00CE04FB /* ModuleSettingsObject.m */ = {isa = PBXFileReference; fileEncoding = 4; lastKnownFileType = sourcecode.c.objc; path = ModuleSettingsObject.m; sourceTree = "<group>"; };
		0FE5286715592DC4002D8AD2 /* Recent.png */ = {isa = PBXFileReference; lastKnownFileType = image.png; path = Recent.png; sourceTree = "<group>"; };
		0FE5286815592DC4002D8AD2 /* Recent@2x.png */ = {isa = PBXFileReference; lastKnownFileType = image.png; path = "Recent@2x.png"; sourceTree = "<group>"; };
		0FE5286C15592E26002D8AD2 /* manage.png */ = {isa = PBXFileReference; lastKnownFileType = image.png; path = manage.png; sourceTree = "<group>"; };
		0FE6ADC614F6099A0055EFF8 /* PanCake_Logo.png */ = {isa = PBXFileReference; lastKnownFileType = image.png; path = PanCake_Logo.png; sourceTree = "<group>"; };
		0FE861F014F3B38C0065B585 /* background.png */ = {isa = PBXFileReference; lastKnownFileType = image.png; path = background.png; sourceTree = "<group>"; };
		0FEA454F1507257300390F2A /* SplitViewController.h */ = {isa = PBXFileReference; fileEncoding = 4; lastKnownFileType = sourcecode.c.h; path = SplitViewController.h; sourceTree = "<group>"; };
		0FEA45501507257300390F2A /* SplitViewController.m */ = {isa = PBXFileReference; fileEncoding = 4; lastKnownFileType = sourcecode.c.objc; path = SplitViewController.m; sourceTree = "<group>"; };
		0FEA4576150753ED00390F2A /* LoginViewController~ipad.xib */ = {isa = PBXFileReference; fileEncoding = 4; lastKnownFileType = file.xib; path = "LoginViewController~ipad.xib"; sourceTree = "<group>"; };
		0FF14D6A151092E300BB6969 /* DefaultDetailView.xib */ = {isa = PBXFileReference; fileEncoding = 4; lastKnownFileType = file.xib; path = DefaultDetailView.xib; sourceTree = "<group>"; };
		0FF27E8E14DA622B002169D7 /* AppSettingsViewController.h */ = {isa = PBXFileReference; fileEncoding = 4; lastKnownFileType = sourcecode.c.h; path = AppSettingsViewController.h; sourceTree = "<group>"; };
		0FF27E8F14DA622B002169D7 /* AppSettingsViewController.m */ = {isa = PBXFileReference; fileEncoding = 4; lastKnownFileType = sourcecode.c.objc; path = AppSettingsViewController.m; sourceTree = "<group>"; };
		0FF27E9214DA63F6002169D7 /* TextFieldTableCell.xib */ = {isa = PBXFileReference; fileEncoding = 4; lastKnownFileType = file.xib; path = TextFieldTableCell.xib; sourceTree = "<group>"; };
		0FF27E9414DA6422002169D7 /* TextFieldTableCell.h */ = {isa = PBXFileReference; fileEncoding = 4; lastKnownFileType = sourcecode.c.h; path = TextFieldTableCell.h; sourceTree = "<group>"; };
		0FF27E9514DA6422002169D7 /* TextFieldTableCell.m */ = {isa = PBXFileReference; fileEncoding = 4; lastKnownFileType = sourcecode.c.objc; path = TextFieldTableCell.m; sourceTree = "<group>"; };
		0FF81BCF14F758AD00A3E04A /* Icon-72.png */ = {isa = PBXFileReference; lastKnownFileType = image.png; path = "Icon-72.png"; sourceTree = "<group>"; };
		0FF81BD014F758AD00A3E04A /* Icon.png */ = {isa = PBXFileReference; lastKnownFileType = image.png; path = Icon.png; sourceTree = "<group>"; };
		0FF81BD114F758AD00A3E04A /* Icon@2x.png */ = {isa = PBXFileReference; lastKnownFileType = image.png; path = "Icon@2x.png"; sourceTree = "<group>"; };
		0FFBEE0715459853002CB106 /* DBHelper.h */ = {isa = PBXFileReference; fileEncoding = 4; lastKnownFileType = sourcecode.c.h; path = DBHelper.h; sourceTree = "<group>"; };
		0FFBEE0815459853002CB106 /* DBHelper.m */ = {isa = PBXFileReference; fileEncoding = 4; lastKnownFileType = sourcecode.c.objc; path = DBHelper.m; sourceTree = "<group>"; };
		0FFE2AAA14EE60CB00F90C4E /* Accounts.png */ = {isa = PBXFileReference; lastKnownFileType = image.png; path = Accounts.png; sourceTree = "<group>"; };
		0FFE2AAB14EE60CB00F90C4E /* Accounts@2x.png */ = {isa = PBXFileReference; lastKnownFileType = image.png; path = "Accounts@2x.png"; sourceTree = "<group>"; };
		0FFE2AAC14EE60CB00F90C4E /* Calls.png */ = {isa = PBXFileReference; lastKnownFileType = image.png; path = Calls.png; sourceTree = "<group>"; };
		0FFE2AAD14EE60CB00F90C4E /* Calls@2x.png */ = {isa = PBXFileReference; lastKnownFileType = image.png; path = "Calls@2x.png"; sourceTree = "<group>"; };
		0FFE2AAE14EE60CB00F90C4E /* Campaigns.png */ = {isa = PBXFileReference; lastKnownFileType = image.png; path = Campaigns.png; sourceTree = "<group>"; };
		0FFE2AAF14EE60CB00F90C4E /* Campaigns@2x.png */ = {isa = PBXFileReference; lastKnownFileType = image.png; path = "Campaigns@2x.png"; sourceTree = "<group>"; };
		0FFE2AB014EE60CB00F90C4E /* Cases.png */ = {isa = PBXFileReference; lastKnownFileType = image.png; path = Cases.png; sourceTree = "<group>"; };
		0FFE2AB114EE60CB00F90C4E /* Cases@2x.png */ = {isa = PBXFileReference; lastKnownFileType = image.png; path = "Cases@2x.png"; sourceTree = "<group>"; };
		0FFE2AB214EE60CB00F90C4E /* Contacts.png */ = {isa = PBXFileReference; lastKnownFileType = image.png; path = Contacts.png; sourceTree = "<group>"; };
		0FFE2AB314EE60CB00F90C4E /* Contacts@2x.png */ = {isa = PBXFileReference; lastKnownFileType = image.png; path = "Contacts@2x.png"; sourceTree = "<group>"; };
		0FFE2AB414EE60CB00F90C4E /* Leads.png */ = {isa = PBXFileReference; lastKnownFileType = image.png; path = Leads.png; sourceTree = "<group>"; };
		0FFE2AC114EE60E300F90C4E /* Leads@2x.png */ = {isa = PBXFileReference; lastKnownFileType = image.png; path = "Leads@2x.png"; sourceTree = "<group>"; };
		0FFE2AC214EE60E300F90C4E /* Meetings.png */ = {isa = PBXFileReference; lastKnownFileType = image.png; path = Meetings.png; sourceTree = "<group>"; };
		0FFE2AC314EE60E300F90C4E /* Meetings@2x.png */ = {isa = PBXFileReference; lastKnownFileType = image.png; path = "Meetings@2x.png"; sourceTree = "<group>"; };
		0FFE2AC414EE60E300F90C4E /* Opportunities.png */ = {isa = PBXFileReference; lastKnownFileType = image.png; path = Opportunities.png; sourceTree = "<group>"; };
		0FFE2AC514EE60E300F90C4E /* Opportunities@2x.png */ = {isa = PBXFileReference; lastKnownFileType = image.png; path = "Opportunities@2x.png"; sourceTree = "<group>"; };
		2F05832B152B06E6006DCD26 /* RecentViewController.h */ = {isa = PBXFileReference; fileEncoding = 4; lastKnownFileType = sourcecode.c.h; path = RecentViewController.h; sourceTree = "<group>"; };
		2F05832C152B06EA006DCD26 /* RecentViewController.m */ = {isa = PBXFileReference; fileEncoding = 4; lastKnownFileType = sourcecode.c.objc; path = RecentViewController.m; sourceTree = "<group>"; };
		2F6C469C148676A300865C25 /* OrderedDictionary.h */ = {isa = PBXFileReference; fileEncoding = 4; lastKnownFileType = sourcecode.c.h; path = OrderedDictionary.h; sourceTree = "<group>"; };
		2F6C469D148676A300865C25 /* OrderedDictionary.m */ = {isa = PBXFileReference; fileEncoding = 4; lastKnownFileType = sourcecode.c.objc; path = OrderedDictionary.m; sourceTree = "<group>"; };
		2F6C469E148676A300865C25 /* JSONKit.h */ = {isa = PBXFileReference; fileEncoding = 4; lastKnownFileType = sourcecode.c.h; path = JSONKit.h; sourceTree = "<group>"; };
		2F6C469F148676A300865C25 /* JSONKit.m */ = {isa = PBXFileReference; fileEncoding = 4; lastKnownFileType = sourcecode.c.objc; path = JSONKit.m; sourceTree = "<group>"; };
		2FB5CD1714D79C1A00C3898F /* CRMMetadata.plist */ = {isa = PBXFileReference; fileEncoding = 4; lastKnownFileType = text.plist.xml; path = CRMMetadata.plist; sourceTree = "<group>"; };
		2FBBDFC21495DDF0000CFB80 /* RootViewController.h */ = {isa = PBXFileReference; fileEncoding = 4; lastKnownFileType = sourcecode.c.h; path = RootViewController.h; sourceTree = "<group>"; };
		2FBBDFC31495DDF0000CFB80 /* RootViewController.m */ = {isa = PBXFileReference; fileEncoding = 4; lastKnownFileType = sourcecode.c.objc; path = RootViewController.m; sourceTree = "<group>"; };
		2FBBDFC6149644B5000CFB80 /* SyncHandler.h */ = {isa = PBXFileReference; fileEncoding = 4; lastKnownFileType = sourcecode.c.h; path = SyncHandler.h; sourceTree = "<group>"; };
		2FBBDFC7149644B5000CFB80 /* SyncHandler.m */ = {isa = PBXFileReference; fileEncoding = 4; lastKnownFileType = sourcecode.c.objc; path = SyncHandler.m; sourceTree = "<group>"; };
		2FBFC5AC150DF1EE00A4831B /* SystemConfiguration.framework */ = {isa = PBXFileReference; lastKnownFileType = wrapper.framework; name = SystemConfiguration.framework; path = System/Library/Frameworks/SystemConfiguration.framework; sourceTree = SDKROOT; };
		2FCB48EA14A21328009079A1 /* DetailViewRowItem.h */ = {isa = PBXFileReference; fileEncoding = 4; lastKnownFileType = sourcecode.c.h; path = DetailViewRowItem.h; sourceTree = "<group>"; };
		2FCB48EB14A21328009079A1 /* DetailViewRowItem.m */ = {isa = PBXFileReference; fileEncoding = 4; lastKnownFileType = sourcecode.c.objc; path = DetailViewRowItem.m; sourceTree = "<group>"; };
		2FCB48EC14A21328009079A1 /* DetailViewSectionItem.h */ = {isa = PBXFileReference; fileEncoding = 4; lastKnownFileType = sourcecode.c.h; path = DetailViewSectionItem.h; sourceTree = "<group>"; };
		2FCB48ED14A21328009079A1 /* DetailViewSectionItem.m */ = {isa = PBXFileReference; fileEncoding = 4; lastKnownFileType = sourcecode.c.objc; path = DetailViewSectionItem.m; sourceTree = "<group>"; };
		2FCB48EE14A21328009079A1 /* DetailViewController.h */ = {isa = PBXFileReference; fileEncoding = 4; lastKnownFileType = sourcecode.c.h; name = DetailViewController.h; path = itemfiles/DetailViewController.h; sourceTree = "<group>"; };
		2FCB48EF14A21328009079A1 /* DetailViewController.m */ = {isa = PBXFileReference; fileEncoding = 4; lastKnownFileType = sourcecode.c.objc; name = DetailViewController.m; path = itemfiles/DetailViewController.m; sourceTree = "<group>"; };
		2FCB48F014A21328009079A1 /* UITableViewCellItem.h */ = {isa = PBXFileReference; fileEncoding = 4; lastKnownFileType = sourcecode.c.h; path = UITableViewCellItem.h; sourceTree = "<group>"; };
		2FCB48F114A21328009079A1 /* UITableViewCellSectionItem.h */ = {isa = PBXFileReference; fileEncoding = 4; lastKnownFileType = sourcecode.c.h; path = UITableViewCellSectionItem.h; sourceTree = "<group>"; };
		2FD9F491148D0A8900446A5F /* libsqlite3.dylib */ = {isa = PBXFileReference; lastKnownFileType = "compiled.mach-o.dylib"; name = libsqlite3.dylib; path = usr/lib/libsqlite3.dylib; sourceTree = SDKROOT; };
		2FD9F4B7148D0DE900446A5F /* SqliteObj.h */ = {isa = PBXFileReference; fileEncoding = 4; lastKnownFileType = sourcecode.c.h; path = SqliteObj.h; sourceTree = "<group>"; };
		2FD9F4B8148D0DEB00446A5F /* SqliteObj.m */ = {isa = PBXFileReference; fileEncoding = 4; lastKnownFileType = sourcecode.c.objc; path = SqliteObj.m; sourceTree = "<group>"; };
		2FFC25A1148EB17B0060D5A6 /* CRMDatabase.db */ = {isa = PBXFileReference; lastKnownFileType = file; path = CRMDatabase.db; sourceTree = "<group>"; };
		3B3E6274148E2F8A002BAE48 /* ListViewMetadata.h */ = {isa = PBXFileReference; fileEncoding = 4; lastKnownFileType = sourcecode.c.h; path = ListViewMetadata.h; sourceTree = "<group>"; };
		3B3E6275148E2F8A002BAE48 /* ListViewMetadata.m */ = {isa = PBXFileReference; fileEncoding = 4; lastKnownFileType = sourcecode.c.objc; path = ListViewMetadata.m; sourceTree = "<group>"; };
		3B3E6278148E32AE002BAE48 /* ListViewController.h */ = {isa = PBXFileReference; fileEncoding = 4; lastKnownFileType = sourcecode.c.h; path = ListViewController.h; sourceTree = "<group>"; };
		3B3E6279148E32AE002BAE48 /* ListViewController.m */ = {isa = PBXFileReference; fileEncoding = 4; lastKnownFileType = sourcecode.c.objc; path = ListViewController.m; sourceTree = "<group>"; };
		3B3E627C148E35D8002BAE48 /* DetailViewMetadata.h */ = {isa = PBXFileReference; fileEncoding = 4; lastKnownFileType = sourcecode.c.h; path = DetailViewMetadata.h; sourceTree = "<group>"; };
		3B3E627D148E35D9002BAE48 /* DetailViewMetadata.m */ = {isa = PBXFileReference; fileEncoding = 4; lastKnownFileType = sourcecode.c.objc; path = DetailViewMetadata.m; sourceTree = "<group>"; };
		3B504E5514862E410037D75E /* DBMetadata.h */ = {isa = PBXFileReference; fileEncoding = 4; lastKnownFileType = sourcecode.c.h; path = DBMetadata.h; sourceTree = "<group>"; };
		3B504E5614862E410037D75E /* DBMetadata.m */ = {isa = PBXFileReference; fileEncoding = 4; lastKnownFileType = sourcecode.c.objc; path = DBMetadata.m; sourceTree = "<group>"; };
		3B5C97CC147CF7BC007EF770 /* Pancake.app */ = {isa = PBXFileReference; explicitFileType = wrapper.application; includeInIndex = 0; path = Pancake.app; sourceTree = BUILT_PRODUCTS_DIR; };
		3B5C97D0147CF7BC007EF770 /* UIKit.framework */ = {isa = PBXFileReference; lastKnownFileType = wrapper.framework; name = UIKit.framework; path = System/Library/Frameworks/UIKit.framework; sourceTree = SDKROOT; };
		3B5C97D2147CF7BC007EF770 /* Foundation.framework */ = {isa = PBXFileReference; lastKnownFileType = wrapper.framework; name = Foundation.framework; path = System/Library/Frameworks/Foundation.framework; sourceTree = SDKROOT; };
		3B5C97D4147CF7BC007EF770 /* CoreGraphics.framework */ = {isa = PBXFileReference; lastKnownFileType = wrapper.framework; name = CoreGraphics.framework; path = System/Library/Frameworks/CoreGraphics.framework; sourceTree = SDKROOT; };
		3B5C97D8147CF7BC007EF770 /* iSugarCRM-Info.plist */ = {isa = PBXFileReference; lastKnownFileType = text.plist.xml; path = "iSugarCRM-Info.plist"; sourceTree = "<group>"; };
		3B5C97DA147CF7BC007EF770 /* en */ = {isa = PBXFileReference; lastKnownFileType = text.plist.strings; name = en; path = en.lproj/InfoPlist.strings; sourceTree = "<group>"; };
		3B5C97DC147CF7BC007EF770 /* main.m */ = {isa = PBXFileReference; lastKnownFileType = sourcecode.c.objc; path = main.m; sourceTree = "<group>"; };
		3B5C97DE147CF7BD007EF770 /* iSugarCRM-Prefix.pch */ = {isa = PBXFileReference; lastKnownFileType = sourcecode.c.h; path = "iSugarCRM-Prefix.pch"; sourceTree = "<group>"; };
		3B5C97DF147CF7BD007EF770 /* AppDelegate.h */ = {isa = PBXFileReference; lastKnownFileType = sourcecode.c.h; path = AppDelegate.h; sourceTree = "<group>"; };
		3B5C97E0147CF7BD007EF770 /* AppDelegate.m */ = {isa = PBXFileReference; lastKnownFileType = sourcecode.c.objc; path = AppDelegate.m; sourceTree = "<group>"; };
		3B5C97ED147CF7BD007EF770 /* iSugarCRMTests.octest */ = {isa = PBXFileReference; explicitFileType = wrapper.cfbundle; includeInIndex = 0; name = iSugarCRMTests.octest; path = PancakeTests.octest; sourceTree = BUILT_PRODUCTS_DIR; };
		3B5C97EE147CF7BD007EF770 /* SenTestingKit.framework */ = {isa = PBXFileReference; lastKnownFileType = wrapper.framework; name = SenTestingKit.framework; path = Library/Frameworks/SenTestingKit.framework; sourceTree = DEVELOPER_DIR; };
		3B5C97F6147CF7BD007EF770 /* iSugarCRMTests-Info.plist */ = {isa = PBXFileReference; lastKnownFileType = text.plist.xml; path = "iSugarCRMTests-Info.plist"; sourceTree = "<group>"; };
		3B5C97F8147CF7BD007EF770 /* en */ = {isa = PBXFileReference; lastKnownFileType = text.plist.strings; name = en; path = en.lproj/InfoPlist.strings; sourceTree = "<group>"; };
		3B5C97FA147CF7BD007EF770 /* iSugarCRMTests.h */ = {isa = PBXFileReference; lastKnownFileType = sourcecode.c.h; path = iSugarCRMTests.h; sourceTree = "<group>"; };
		3B5C97FB147CF7BD007EF770 /* iSugarCRMTests.m */ = {isa = PBXFileReference; lastKnownFileType = sourcecode.c.objc; path = iSugarCRMTests.m; sourceTree = "<group>"; };
		3B5C9806147CF800007EF770 /* MetadataStore.h */ = {isa = PBXFileReference; fileEncoding = 4; lastKnownFileType = sourcecode.c.h; path = MetadataStore.h; sourceTree = "<group>"; };
		3B5C9807147CF800007EF770 /* MetadataStore.m */ = {isa = PBXFileReference; fileEncoding = 4; lastKnownFileType = sourcecode.c.objc; path = MetadataStore.m; sourceTree = "<group>"; };
		3B5C980C147CF829007EF770 /* ViewMetadataStore.h */ = {isa = PBXFileReference; fileEncoding = 4; lastKnownFileType = sourcecode.c.h; path = ViewMetadataStore.h; sourceTree = "<group>"; };
		3B5C980D147CF82A007EF770 /* ViewMetadataStore.m */ = {isa = PBXFileReference; fileEncoding = 4; lastKnownFileType = sourcecode.c.objc; path = ViewMetadataStore.m; sourceTree = "<group>"; };
		3B5C980F147CF83D007EF770 /* WebserviceSession.h */ = {isa = PBXFileReference; fileEncoding = 4; lastKnownFileType = sourcecode.c.h; path = WebserviceSession.h; sourceTree = "<group>"; };
		3B5C9810147CF83E007EF770 /* WebserviceSession.m */ = {isa = PBXFileReference; fileEncoding = 4; lastKnownFileType = sourcecode.c.objc; path = WebserviceSession.m; sourceTree = "<group>"; };
		3B5C9812147CF84F007EF770 /* DBSession.h */ = {isa = PBXFileReference; fileEncoding = 4; lastKnownFileType = sourcecode.c.h; path = DBSession.h; sourceTree = "<group>"; };
		3B5C9813147CF850007EF770 /* DBSession.m */ = {isa = PBXFileReference; fileEncoding = 4; lastKnownFileType = sourcecode.c.objc; path = DBSession.m; sourceTree = "<group>"; };
		3B5C9815147CF85F007EF770 /* ViewSession.h */ = {isa = PBXFileReference; fileEncoding = 4; lastKnownFileType = sourcecode.c.h; path = ViewSession.h; sourceTree = "<group>"; };
		3B5C9816147CF85F007EF770 /* ViewSession.m */ = {isa = PBXFileReference; fileEncoding = 4; lastKnownFileType = sourcecode.c.objc; path = ViewSession.m; sourceTree = "<group>"; };
		3B5C981C1484BE25007EF770 /* WebserviceMetadata.h */ = {isa = PBXFileReference; fileEncoding = 4; lastKnownFileType = sourcecode.c.h; path = WebserviceMetadata.h; sourceTree = "<group>"; };
		3B5C981D1484BE26007EF770 /* WebserviceMetadata.m */ = {isa = PBXFileReference; fileEncoding = 4; lastKnownFileType = sourcecode.c.objc; path = WebserviceMetadata.m; sourceTree = "<group>"; };
		3B5C98201484C2D9007EF770 /* SugarCRMMetadataStore.h */ = {isa = PBXFileReference; fileEncoding = 4; lastKnownFileType = sourcecode.c.h; path = SugarCRMMetadataStore.h; sourceTree = "<group>"; };
		3B5C98211484C2DA007EF770 /* SugarCRMMetadataStore.m */ = {isa = PBXFileReference; fileEncoding = 4; lastKnownFileType = sourcecode.c.objc; path = SugarCRMMetadataStore.m; sourceTree = "<group>"; };
		3B5C98231484F081007EF770 /* DataObjectField.h */ = {isa = PBXFileReference; fileEncoding = 4; lastKnownFileType = sourcecode.c.h; path = DataObjectField.h; sourceTree = "<group>"; };
		3B5C98241484F083007EF770 /* DataObjectField.m */ = {isa = PBXFileReference; fileEncoding = 4; lastKnownFileType = sourcecode.c.objc; path = DataObjectField.m; sourceTree = "<group>"; };
		3B5C98261484F14D007EF770 /* DataObjectMetadata.h */ = {isa = PBXFileReference; fileEncoding = 4; lastKnownFileType = sourcecode.c.h; path = DataObjectMetadata.h; sourceTree = "<group>"; };
		3B5C98271484F14E007EF770 /* DataObjectMetadata.m */ = {isa = PBXFileReference; fileEncoding = 4; lastKnownFileType = sourcecode.c.objc; path = DataObjectMetadata.m; sourceTree = "<group>"; };
		3B5C98291484F1E0007EF770 /* DataObject.h */ = {isa = PBXFileReference; fileEncoding = 4; lastKnownFileType = sourcecode.c.h; path = DataObject.h; sourceTree = "<group>"; };
		3B5C982A1484F1E2007EF770 /* DataObject.m */ = {isa = PBXFileReference; fileEncoding = 4; lastKnownFileType = sourcecode.c.objc; path = DataObject.m; sourceTree = "<group>"; };
		4E88CED4156CE3ED005E9413 /* Leads.js */ = {isa = PBXFileReference; fileEncoding = 4; lastKnownFileType = sourcecode.javascript; name = Leads.js; path = iSugarCRMTests/Testscripts/Leads.js; sourceTree = "<group>"; };
		4E88CED5156CE3ED005E9413 /* Main.js */ = {isa = PBXFileReference; fileEncoding = 4; lastKnownFileType = sourcecode.javascript; name = Main.js; path = iSugarCRMTests/Testscripts/Main.js; sourceTree = "<group>"; };
		4E9453C9156BB7B300F8867E /* Login.js */ = {isa = PBXFileReference; fileEncoding = 4; lastKnownFileType = sourcecode.javascript; name = Login.js; path = iSugarCRMTests/Testscripts/Login.js; sourceTree = "<group>"; };
		4E9453CA156BB7B300F8867E /* Moduleicons.js */ = {isa = PBXFileReference; fileEncoding = 4; lastKnownFileType = sourcecode.javascript; name = Moduleicons.js; path = iSugarCRMTests/Testscripts/Moduleicons.js; sourceTree = "<group>"; };
		4E9453CC156BB7B300F8867E /* Settings.js */ = {isa = PBXFileReference; fileEncoding = 4; lastKnownFileType = sourcecode.javascript; name = Settings.js; path = iSugarCRMTests/Testscripts/Settings.js; sourceTree = "<group>"; };
		4E9453CD156BB7B300F8867E /* Syncsetup.js */ = {isa = PBXFileReference; fileEncoding = 4; lastKnownFileType = sourcecode.javascript; name = Syncsetup.js; path = iSugarCRMTests/Testscripts/Syncsetup.js; sourceTree = "<group>"; };
/* End PBXFileReference section */

/* Begin PBXFrameworksBuildPhase section */
		3B5C97C9147CF7BC007EF770 /* Frameworks */ = {
			isa = PBXFrameworksBuildPhase;
			buildActionMask = 2147483647;
			files = (
				2FBFC5AD150DF1EE00A4831B /* SystemConfiguration.framework in Frameworks */,
				0FB9F84014DC20380084BF7E /* Security.framework in Frameworks */,
				0FB17A0214B5A14E004F0C80 /* QuartzCore.framework in Frameworks */,
				2FD9F492148D0A8900446A5F /* libsqlite3.dylib in Frameworks */,
				3B5C97D1147CF7BC007EF770 /* UIKit.framework in Frameworks */,
				3B5C97D3147CF7BC007EF770 /* Foundation.framework in Frameworks */,
				3B5C97D5147CF7BC007EF770 /* CoreGraphics.framework in Frameworks */,
			);
			runOnlyForDeploymentPostprocessing = 0;
		};
		3B5C97E9147CF7BD007EF770 /* Frameworks */ = {
			isa = PBXFrameworksBuildPhase;
			buildActionMask = 2147483647;
			files = (
				3B5C97EF147CF7BD007EF770 /* SenTestingKit.framework in Frameworks */,
				3B5C97F0147CF7BD007EF770 /* UIKit.framework in Frameworks */,
				3B5C97F1147CF7BD007EF770 /* Foundation.framework in Frameworks */,
			);
			runOnlyForDeploymentPostprocessing = 0;
		};
/* End PBXFrameworksBuildPhase section */

/* Begin PBXGroup section */
		0F0AABC71505D378008ABEF7 /* UI_Ipad */ = {
			isa = PBXGroup;
			children = (
				0F0AABC91505D4C4008ABEF7 /* ListViewController_pad.h */,
				0F0AABCA1505D4C4008ABEF7 /* ListViewController_pad.m */,
				0F48CD7A150657A300D36640 /* DetailViewController_pad.h */,
				0F48CD7B150657A300D36640 /* DetailViewController_pad.m */,
				0FEA454F1507257300390F2A /* SplitViewController.h */,
				0FEA45501507257300390F2A /* SplitViewController.m */,
				0FEA4576150753ED00390F2A /* LoginViewController~ipad.xib */,
				0FF14D6A151092E300BB6969 /* DefaultDetailView.xib */,
				0F937AB2152C21D800E043BC /* RecentViewController_pad.h */,
				0F937AB3152C21D900E043BC /* RecentViewController_pad.m */,
			);
			name = UI_Ipad;
			sourceTree = "<group>";
		};
		0F4EE03A14BAFE1500F43692 /* Settings */ = {
			isa = PBXGroup;
			children = (
				0FB7DAEE14BC36EA00E9F794 /* SettingsStore.h */,
				0FB7DAEF14BC36EA00E9F794 /* SettingsStore.m */,
				0F81707F14BEB1EE0061EF4D /* ModuleSettingsViewController.h */,
				0F81708014BEB1EE0061EF4D /* ModuleSettingsViewController.m */,
				0FCE1ADC14D2678B00CE04FB /* ModuleSettingsDataStore.h */,
				0FCE1ADD14D2678B00CE04FB /* ModuleSettingsDataStore.m */,
				0FCE1AE014D2846C00CE04FB /* ModuleSettingsObject.h */,
				0FCE1AE114D2846C00CE04FB /* ModuleSettingsObject.m */,
			);
			name = Settings;
			sourceTree = "<group>";
		};
		0FAC5DF614DC135F009FEC5F /* keychainstore */ = {
			isa = PBXGroup;
			children = (
				0FB9F83814DC17050084BF7E /* ApplicationKeyStore.h */,
				0FB9F83914DC17050084BF7E /* ApplicationKeyStore.m */,
			);
			name = keychainstore;
			sourceTree = "<group>";
		};
		0FB17A0F14B5B02F004F0C80 /* Launcher */ = {
			isa = PBXGroup;
			children = (
				0F8225EB14B724AD00DCC4A5 /* CustomBadge.h */,
				0F8225EC14B724AD00DCC4A5 /* CustomBadge.m */,
				0F8225ED14B724AD00DCC4A5 /* MyLauncherItem.h */,
				0F8225EE14B724AD00DCC4A5 /* MyLauncherItem.m */,
				0F8225EF14B724AD00DCC4A5 /* MyLauncherPageControl.h */,
				0F8225F014B724AD00DCC4A5 /* MyLauncherPageControl.m */,
				0F8225F114B724AD00DCC4A5 /* MyLauncherScrollView.h */,
				0F8225F214B724AD00DCC4A5 /* MyLauncherScrollView.m */,
				0F8225F314B724AD00DCC4A5 /* MyLauncherView.h */,
				0F8225F414B724AD00DCC4A5 /* MyLauncherView.m */,
				0F8225F514B724AD00DCC4A5 /* MyLauncherViewController.h */,
				0F8225F614B724AD00DCC4A5 /* MyLauncherViewController.m */,
			);
			name = Launcher;
			sourceTree = "<group>";
		};
		0FB17C3014B5BF72004F0C80 /* images */ = {
			isa = PBXGroup;
			children = (
				0FE5286C15592E26002D8AD2 /* manage.png */,
				0FE5286715592DC4002D8AD2 /* Recent.png */,
				0FE5286815592DC4002D8AD2 /* Recent@2x.png */,
				0FF81BCF14F758AD00A3E04A /* Icon-72.png */,
				0FF81BD014F758AD00A3E04A /* Icon.png */,
				0FF81BD114F758AD00A3E04A /* Icon@2x.png */,
				0FE6ADC614F6099A0055EFF8 /* PanCake_Logo.png */,
				0FE861F014F3B38C0065B585 /* background.png */,
				0FFE2AC114EE60E300F90C4E /* Leads@2x.png */,
				0FFE2AC214EE60E300F90C4E /* Meetings.png */,
				0FFE2AC314EE60E300F90C4E /* Meetings@2x.png */,
				0FFE2AC414EE60E300F90C4E /* Opportunities.png */,
				0FFE2AC514EE60E300F90C4E /* Opportunities@2x.png */,
				0FFE2AAA14EE60CB00F90C4E /* Accounts.png */,
				0FFE2AAB14EE60CB00F90C4E /* Accounts@2x.png */,
				0FFE2AAC14EE60CB00F90C4E /* Calls.png */,
				0FFE2AAD14EE60CB00F90C4E /* Calls@2x.png */,
				0FFE2AAE14EE60CB00F90C4E /* Campaigns.png */,
				0FFE2AAF14EE60CB00F90C4E /* Campaigns@2x.png */,
				0FFE2AB014EE60CB00F90C4E /* Cases.png */,
				0FFE2AB114EE60CB00F90C4E /* Cases@2x.png */,
				0FFE2AB214EE60CB00F90C4E /* Contacts.png */,
				0FFE2AB314EE60CB00F90C4E /* Contacts@2x.png */,
				0FFE2AB414EE60CB00F90C4E /* Leads.png */,
				0F7810F914ECD38500ED61AF /* sync.png */,
				0F3CAE9814EAA71300288F58 /* settings.png */,
				0FB17C3114B5BF81004F0C80 /* itemImage.png */,
			);
			name = images;
			sourceTree = "<group>";
		};
		2F6C46A3148676A700865C25 /* Utitlity */ = {
			isa = PBXGroup;
			children = (
				2FD9F4B7148D0DE900446A5F /* SqliteObj.h */,
				2FD9F4B8148D0DEB00446A5F /* SqliteObj.m */,
				2F6C469C148676A300865C25 /* OrderedDictionary.h */,
				2F6C469D148676A300865C25 /* OrderedDictionary.m */,
				2F6C469E148676A300865C25 /* JSONKit.h */,
				2F6C469F148676A300865C25 /* JSONKit.m */,
				0F02AAE714B305D200AABAA9 /* LoginUtils.h */,
				0F02AAE814B305D200AABAA9 /* LoginUtils.m */,
			);
			name = Utitlity;
			sourceTree = "<group>";
		};
		2FCB48E914A21328009079A1 /* itemfiles */ = {
			isa = PBXGroup;
			children = (
				2FCB48EA14A21328009079A1 /* DetailViewRowItem.h */,
				2FCB48EB14A21328009079A1 /* DetailViewRowItem.m */,
				2FCB48EC14A21328009079A1 /* DetailViewSectionItem.h */,
				2FCB48ED14A21328009079A1 /* DetailViewSectionItem.m */,
				2FCB48F014A21328009079A1 /* UITableViewCellItem.h */,
				2FCB48F114A21328009079A1 /* UITableViewCellSectionItem.h */,
				0F630927150F52ED0029C18A /* EditViewRowItem.h */,
				0F630928150F52ED0029C18A /* EditViewRowItem.m */,
				0F4723B715185A5B00DFF926 /* EditViewSectionItem.h */,
				0F4723B815185A5B00DFF926 /* EditViewSectionItem.m */,
			);
			path = itemfiles;
			sourceTree = "<group>";
		};
		3B3E6272148E1B98002BAE48 /* sugar */ = {
			isa = PBXGroup;
			children = (
			);
			name = sugar;
			sourceTree = "<group>";
		};
		3B3E6277148E3288002BAE48 /* UI */ = {
			isa = PBXGroup;
			children = (
				2F05832B152B06E6006DCD26 /* RecentViewController.h */,
				2F05832C152B06EA006DCD26 /* RecentViewController.m */,
				0F93BDED1524530700E57E80 /* RelationsViewController.h */,
				0F93BDEE1524530700E57E80 /* RelationsViewController.m */,
				0FF27E9414DA6422002169D7 /* TextFieldTableCell.h */,
				0FF27E9514DA6422002169D7 /* TextFieldTableCell.m */,
				0FF27E9214DA63F6002169D7 /* TextFieldTableCell.xib */,
				2FCB48EE14A21328009079A1 /* DetailViewController.h */,
				2FCB48EF14A21328009079A1 /* DetailViewController.m */,
				3B3E6278148E32AE002BAE48 /* ListViewController.h */,
				3B3E6279148E32AE002BAE48 /* ListViewController.m */,
				0F02AAE214B3027300AABAA9 /* LoginViewController.h */,
				0F02AAE314B3027300AABAA9 /* LoginViewController.m */,
				0F02AAE414B3027300AABAA9 /* LoginViewController.xib */,
				0FB17C2A14B5B38E004F0C80 /* DashboardController.h */,
				0FB17C2B14B5B38E004F0C80 /* DashboardController.m */,
				0FF27E8E14DA622B002169D7 /* AppSettingsViewController.h */,
				0FF27E8F14DA622B002169D7 /* AppSettingsViewController.m */,
				0FB7863E14F38573004C2CD9 /* SyncSettingsViewController.h */,
				0FB7863F14F38573004C2CD9 /* SyncSettingsViewController.m */,
				0F19C2781500EAE700BE2110 /* EditViewController.h */,
				0F19C2791500EAE700BE2110 /* EditViewController.m */,
				0FB17A0F14B5B02F004F0C80 /* Launcher */,
			);
			name = UI;
			sourceTree = "<group>";
		};
		3B504E5114862CF30037D75E /* webservice */ = {
			isa = PBXGroup;
			children = (
				3B5C980F147CF83D007EF770 /* WebserviceSession.h */,
				3B5C9810147CF83E007EF770 /* WebserviceSession.m */,
				3B5C981C1484BE25007EF770 /* WebserviceMetadata.h */,
				3B5C981D1484BE26007EF770 /* WebserviceMetadata.m */,
			);
			name = webservice;
			sourceTree = "<group>";
		};
		3B504E5314862D170037D75E /* view */ = {
			isa = PBXGroup;
			children = (
				3B5C980C147CF829007EF770 /* ViewMetadataStore.h */,
				3B5C980D147CF82A007EF770 /* ViewMetadataStore.m */,
				3B5C9815147CF85F007EF770 /* ViewSession.h */,
				3B5C9816147CF85F007EF770 /* ViewSession.m */,
				3B3E6274148E2F8A002BAE48 /* ListViewMetadata.h */,
				3B3E6275148E2F8A002BAE48 /* ListViewMetadata.m */,
				3B3E627C148E35D8002BAE48 /* DetailViewMetadata.h */,
				3B3E627D148E35D9002BAE48 /* DetailViewMetadata.m */,
			);
			name = view;
			sourceTree = "<group>";
		};
		3B504E5414862D1B0037D75E /* database */ = {
			isa = PBXGroup;
			children = (
				0FFBEE0715459853002CB106 /* DBHelper.h */,
				0FFBEE0815459853002CB106 /* DBHelper.m */,
				3B5C9812147CF84F007EF770 /* DBSession.h */,
				3B5C9813147CF850007EF770 /* DBSession.m */,
				3B504E5514862E410037D75E /* DBMetadata.h */,
				3B504E5614862E410037D75E /* DBMetadata.m */,
			);
			name = database;
			sourceTree = "<group>";
		};
		3B504E58148630AE0037D75E /* metadata */ = {
			isa = PBXGroup;
			children = (
				3B5C9806147CF800007EF770 /* MetadataStore.h */,
				3B5C9807147CF800007EF770 /* MetadataStore.m */,
			);
			name = metadata;
			sourceTree = "<group>";
		};
		3B504E59148631500037D75E /* Model */ = {
			isa = PBXGroup;
			children = (
				3B5C98231484F081007EF770 /* DataObjectField.h */,
				3B5C98241484F083007EF770 /* DataObjectField.m */,
				3B5C98261484F14D007EF770 /* DataObjectMetadata.h */,
				3B5C98271484F14E007EF770 /* DataObjectMetadata.m */,
				3B5C98291484F1E0007EF770 /* DataObject.h */,
				3B5C982A1484F1E2007EF770 /* DataObject.m */,
			);
			name = Model;
			sourceTree = "<group>";
		};
		3B5C97C1147CF7BC007EF770 = {
			isa = PBXGroup;
			children = (
				4E8AA1DE156BB52D0024FEE5 /* Testscripts */,
				2FBFC5AC150DF1EE00A4831B /* SystemConfiguration.framework */,
				3B5C97D6147CF7BC007EF770 /* iSugarCRM */,
				3B5C97F4147CF7BD007EF770 /* iSugarCRMTests */,
				3B5C97CF147CF7BC007EF770 /* Frameworks */,
				3B5C97CD147CF7BC007EF770 /* Products */,
			);
			sourceTree = "<group>";
		};
		3B5C97CD147CF7BC007EF770 /* Products */ = {
			isa = PBXGroup;
			children = (
				3B5C97CC147CF7BC007EF770 /* Pancake.app */,
				3B5C97ED147CF7BD007EF770 /* iSugarCRMTests.octest */,
			);
			name = Products;
			sourceTree = "<group>";
		};
		3B5C97CF147CF7BC007EF770 /* Frameworks */ = {
			isa = PBXGroup;
			children = (
				0FB9F83F14DC20380084BF7E /* Security.framework */,
				0FB17A0114B5A14E004F0C80 /* QuartzCore.framework */,
				2FD9F491148D0A8900446A5F /* libsqlite3.dylib */,
				3B5C97D0147CF7BC007EF770 /* UIKit.framework */,
				3B5C97D2147CF7BC007EF770 /* Foundation.framework */,
				3B5C97D4147CF7BC007EF770 /* CoreGraphics.framework */,
				3B5C97EE147CF7BD007EF770 /* SenTestingKit.framework */,
			);
			name = Frameworks;
			sourceTree = "<group>";
		};
		3B5C97D6147CF7BC007EF770 /* iSugarCRM */ = {
			isa = PBXGroup;
			children = (
				0FB17C3014B5BF72004F0C80 /* images */,
				3B5C9805147CF7D1007EF770 /* source */,
				2FBBDFC6149644B5000CFB80 /* SyncHandler.h */,
				2FBBDFC7149644B5000CFB80 /* SyncHandler.m */,
				2FBBDFC21495DDF0000CFB80 /* RootViewController.h */,
				2FBBDFC31495DDF0000CFB80 /* RootViewController.m */,
				3B5C98201484C2D9007EF770 /* SugarCRMMetadataStore.h */,
				3B5C98211484C2DA007EF770 /* SugarCRMMetadataStore.m */,
				3B5C97DF147CF7BD007EF770 /* AppDelegate.h */,
				3B5C97E0147CF7BD007EF770 /* AppDelegate.m */,
				3B5C97D7147CF7BC007EF770 /* Supporting Files */,
			);
			path = iSugarCRM;
			sourceTree = "<group>";
		};
		3B5C97D7147CF7BC007EF770 /* Supporting Files */ = {
			isa = PBXGroup;
			children = (
				2FB5CD1714D79C1A00C3898F /* CRMMetadata.plist */,
				2FFC25A1148EB17B0060D5A6 /* CRMDatabase.db */,
				3B5C97D8147CF7BC007EF770 /* iSugarCRM-Info.plist */,
				3B5C97D9147CF7BC007EF770 /* InfoPlist.strings */,
				3B5C97DC147CF7BC007EF770 /* main.m */,
				3B5C97DE147CF7BD007EF770 /* iSugarCRM-Prefix.pch */,
			);
			name = "Supporting Files";
			sourceTree = "<group>";
		};
		3B5C97F4147CF7BD007EF770 /* iSugarCRMTests */ = {
			isa = PBXGroup;
			children = (
				3B5C97FA147CF7BD007EF770 /* iSugarCRMTests.h */,
				3B5C97FB147CF7BD007EF770 /* iSugarCRMTests.m */,
				3B5C97F5147CF7BD007EF770 /* Supporting Files */,
			);
			path = iSugarCRMTests;
			sourceTree = "<group>";
		};
		3B5C97F5147CF7BD007EF770 /* Supporting Files */ = {
			isa = PBXGroup;
			children = (
				3B5C97F6147CF7BD007EF770 /* iSugarCRMTests-Info.plist */,
				3B5C97F7147CF7BD007EF770 /* InfoPlist.strings */,
			);
			name = "Supporting Files";
			sourceTree = "<group>";
		};
		3B5C9805147CF7D1007EF770 /* source */ = {
			isa = PBXGroup;
			children = (
				0FAC5DF614DC135F009FEC5F /* keychainstore */,
				2FCB48E914A21328009079A1 /* itemfiles */,
				0F0AABC71505D378008ABEF7 /* UI_Ipad */,
				3B3E6277148E3288002BAE48 /* UI */,
				3B3E6272148E1B98002BAE48 /* sugar */,
				2F6C46A3148676A700865C25 /* Utitlity */,
				3B504E59148631500037D75E /* Model */,
				3B504E58148630AE0037D75E /* metadata */,
				3B504E5414862D1B0037D75E /* database */,
				0F4EE03A14BAFE1500F43692 /* Settings */,
				3B504E5314862D170037D75E /* view */,
				3B504E5114862CF30037D75E /* webservice */,
			);
			name = source;
			sourceTree = "<group>";
		};
		4E8AA1DE156BB52D0024FEE5 /* Testscripts */ = {
			isa = PBXGroup;
			children = (
				4E88CED4156CE3ED005E9413 /* Leads.js */,
				4E88CED5156CE3ED005E9413 /* Main.js */,
				4E9453C9156BB7B300F8867E /* Login.js */,
				4E9453CA156BB7B300F8867E /* Moduleicons.js */,
				4E9453CC156BB7B300F8867E /* Settings.js */,
				4E9453CD156BB7B300F8867E /* Syncsetup.js */,
			);
			name = Testscripts;
			sourceTree = "<group>";
		};
/* End PBXGroup section */

/* Begin PBXNativeTarget section */
		3B5C97CB147CF7BC007EF770 /* Pancake */ = {
			isa = PBXNativeTarget;
			buildConfigurationList = 3B5C97FF147CF7BD007EF770 /* Build configuration list for PBXNativeTarget "Pancake" */;
			buildPhases = (
				3B5C97C8147CF7BC007EF770 /* Sources */,
				3B5C97C9147CF7BC007EF770 /* Frameworks */,
				3B5C97CA147CF7BC007EF770 /* Resources */,
			);
			buildRules = (
			);
			dependencies = (
			);
			name = Pancake;
			productName = iSugarCRM;
			productReference = 3B5C97CC147CF7BC007EF770 /* Pancake.app */;
			productType = "com.apple.product-type.application";
		};
		3B5C97EC147CF7BD007EF770 /* PancakeTests */ = {
			isa = PBXNativeTarget;
			buildConfigurationList = 3B5C9802147CF7BD007EF770 /* Build configuration list for PBXNativeTarget "PancakeTests" */;
			buildPhases = (
				3B5C97E8147CF7BD007EF770 /* Sources */,
				3B5C97E9147CF7BD007EF770 /* Frameworks */,
				3B5C97EA147CF7BD007EF770 /* Resources */,
				3B5C97EB147CF7BD007EF770 /* ShellScript */,
			);
			buildRules = (
			);
			dependencies = (
				3B5C97F3147CF7BD007EF770 /* PBXTargetDependency */,
			);
			name = PancakeTests;
			productName = iSugarCRMTests;
			productReference = 3B5C97ED147CF7BD007EF770 /* iSugarCRMTests.octest */;
			productType = "com.apple.product-type.bundle";
		};
/* End PBXNativeTarget section */

/* Begin PBXProject section */
		3B5C97C3147CF7BC007EF770 /* Project object */ = {
			isa = PBXProject;
			attributes = {
				LastUpgradeCheck = 0420;
			};
			buildConfigurationList = 3B5C97C6147CF7BC007EF770 /* Build configuration list for PBXProject "iSugarCRM" */;
			compatibilityVersion = "Xcode 3.2";
			developmentRegion = English;
			hasScannedForEncodings = 0;
			knownRegions = (
				en,
			);
			mainGroup = 3B5C97C1147CF7BC007EF770;
			productRefGroup = 3B5C97CD147CF7BC007EF770 /* Products */;
			projectDirPath = "";
			projectRoot = "";
			targets = (
				3B5C97CB147CF7BC007EF770 /* Pancake */,
				3B5C97EC147CF7BD007EF770 /* PancakeTests */,
			);
		};
/* End PBXProject section */

/* Begin PBXResourcesBuildPhase section */
		3B5C97CA147CF7BC007EF770 /* Resources */ = {
			isa = PBXResourcesBuildPhase;
			buildActionMask = 2147483647;
			files = (
				3B5C97DB147CF7BC007EF770 /* InfoPlist.strings in Resources */,
				2FFC25A2148EB17B0060D5A6 /* CRMDatabase.db in Resources */,
				0F02AAE614B3027300AABAA9 /* LoginViewController.xib in Resources */,
				0FB17C3214B5BF81004F0C80 /* itemImage.png in Resources */,
				2FB5CD1814D79C1A00C3898F /* CRMMetadata.plist in Resources */,
				0FF27E9314DA63F6002169D7 /* TextFieldTableCell.xib in Resources */,
				0F3CAE9914EAA71300288F58 /* settings.png in Resources */,
				0F7810FA14ECD38500ED61AF /* sync.png in Resources */,
				0FFE2AB514EE60CB00F90C4E /* Accounts.png in Resources */,
				0FFE2AB614EE60CB00F90C4E /* Accounts@2x.png in Resources */,
				0FFE2AB714EE60CB00F90C4E /* Calls.png in Resources */,
				0FFE2AB814EE60CB00F90C4E /* Calls@2x.png in Resources */,
				0FFE2AB914EE60CB00F90C4E /* Campaigns.png in Resources */,
				0FFE2ABA14EE60CB00F90C4E /* Campaigns@2x.png in Resources */,
				0FFE2ABB14EE60CB00F90C4E /* Cases.png in Resources */,
				0FFE2ABC14EE60CB00F90C4E /* Cases@2x.png in Resources */,
				0FFE2ABD14EE60CB00F90C4E /* Contacts.png in Resources */,
				0FFE2ABE14EE60CB00F90C4E /* Contacts@2x.png in Resources */,
				0FFE2ABF14EE60CB00F90C4E /* Leads.png in Resources */,
				0FFE2AC614EE60E300F90C4E /* Leads@2x.png in Resources */,
				0FFE2AC714EE60E300F90C4E /* Meetings.png in Resources */,
				0FFE2AC814EE60E300F90C4E /* Meetings@2x.png in Resources */,
				0FFE2AC914EE60E300F90C4E /* Opportunities.png in Resources */,
				0FFE2ACA14EE60E300F90C4E /* Opportunities@2x.png in Resources */,
				0FE861F114F3B38C0065B585 /* background.png in Resources */,
				0FE6ADC714F6099A0055EFF8 /* PanCake_Logo.png in Resources */,
				0FF81BD214F758AD00A3E04A /* Icon-72.png in Resources */,
				0FF81BD314F758AD00A3E04A /* Icon.png in Resources */,
				0FF81BD414F758AD00A3E04A /* Icon@2x.png in Resources */,
				0FEA4577150753EE00390F2A /* LoginViewController~ipad.xib in Resources */,
				0FF14D6B151092E300BB6969 /* DefaultDetailView.xib in Resources */,
				0FE5286915592DC4002D8AD2 /* Recent.png in Resources */,
				0FE5286A15592DC4002D8AD2 /* Recent@2x.png in Resources */,
				0FE5286D15592E26002D8AD2 /* manage.png in Resources */,
			);
			runOnlyForDeploymentPostprocessing = 0;
		};
		3B5C97EA147CF7BD007EF770 /* Resources */ = {
			isa = PBXResourcesBuildPhase;
			buildActionMask = 2147483647;
			files = (
				3B5C97F9147CF7BD007EF770 /* InfoPlist.strings in Resources */,
			);
			runOnlyForDeploymentPostprocessing = 0;
		};
/* End PBXResourcesBuildPhase section */

/* Begin PBXShellScriptBuildPhase section */
		3B5C97EB147CF7BD007EF770 /* ShellScript */ = {
			isa = PBXShellScriptBuildPhase;
			buildActionMask = 2147483647;
			files = (
			);
			inputPaths = (
			);
			outputPaths = (
			);
			runOnlyForDeploymentPostprocessing = 0;
			shellPath = /bin/sh;
			shellScript = "# Run the unit tests in this test bundle.\n\"${SYSTEM_DEVELOPER_DIR}/Tools/RunUnitTests\"\n";
		};
/* End PBXShellScriptBuildPhase section */

/* Begin PBXSourcesBuildPhase section */
		3B5C97C8147CF7BC007EF770 /* Sources */ = {
			isa = PBXSourcesBuildPhase;
			buildActionMask = 2147483647;
			files = (
				3B5C97DD147CF7BC007EF770 /* main.m in Sources */,
				3B5C97E1147CF7BD007EF770 /* AppDelegate.m in Sources */,
				3B5C9808147CF800007EF770 /* MetadataStore.m in Sources */,
				3B5C980E147CF82A007EF770 /* ViewMetadataStore.m in Sources */,
				3B5C9811147CF83E007EF770 /* WebserviceSession.m in Sources */,
				3B5C9814147CF850007EF770 /* DBSession.m in Sources */,
				3B5C9817147CF85F007EF770 /* ViewSession.m in Sources */,
				3B5C981E1484BE27007EF770 /* WebserviceMetadata.m in Sources */,
				3B5C98221484C2DA007EF770 /* SugarCRMMetadataStore.m in Sources */,
				3B5C98251484F086007EF770 /* DataObjectField.m in Sources */,
				3B5C98281484F150007EF770 /* DataObjectMetadata.m in Sources */,
				3B5C982B1484F1E5007EF770 /* DataObject.m in Sources */,
				3B504E5714862E410037D75E /* DBMetadata.m in Sources */,
				2F6C46A0148676A400865C25 /* OrderedDictionary.m in Sources */,
				2F6C46A1148676A400865C25 /* JSONKit.m in Sources */,
				3B3E6276148E2F8A002BAE48 /* ListViewMetadata.m in Sources */,
				3B3E627A148E32AE002BAE48 /* ListViewController.m in Sources */,
				3B3E627E148E35D9002BAE48 /* DetailViewMetadata.m in Sources */,
				2FD9F4B9148D0DEC00446A5F /* SqliteObj.m in Sources */,
				2FBBDFC41495DDF0000CFB80 /* RootViewController.m in Sources */,
				2FBBDFC8149644B5000CFB80 /* SyncHandler.m in Sources */,
				2FCB48F214A21328009079A1 /* DetailViewRowItem.m in Sources */,
				2FCB48F314A21328009079A1 /* DetailViewSectionItem.m in Sources */,
				2FCB48F414A21328009079A1 /* DetailViewController.m in Sources */,
				0F02AAE514B3027300AABAA9 /* LoginViewController.m in Sources */,
				0F02AAE914B305D200AABAA9 /* LoginUtils.m in Sources */,
				0FB17C2C14B5B38E004F0C80 /* DashboardController.m in Sources */,
				0F8225F714B724AD00DCC4A5 /* CustomBadge.m in Sources */,
				0F8225F814B724AD00DCC4A5 /* MyLauncherItem.m in Sources */,
				0F8225F914B724AD00DCC4A5 /* MyLauncherPageControl.m in Sources */,
				0F8225FA14B724AD00DCC4A5 /* MyLauncherScrollView.m in Sources */,
				0F8225FB14B724AD00DCC4A5 /* MyLauncherView.m in Sources */,
				0F8225FC14B724AD00DCC4A5 /* MyLauncherViewController.m in Sources */,
				0FB7DAF014BC36EB00E9F794 /* SettingsStore.m in Sources */,
				0F81708114BEB1EE0061EF4D /* ModuleSettingsViewController.m in Sources */,
				0FCE1ADE14D2678B00CE04FB /* ModuleSettingsDataStore.m in Sources */,
				0FCE1AE214D2846C00CE04FB /* ModuleSettingsObject.m in Sources */,
				0FF27E9014DA622B002169D7 /* AppSettingsViewController.m in Sources */,
				0FF27E9614DA6422002169D7 /* TextFieldTableCell.m in Sources */,
				0FB9F83A14DC17050084BF7E /* ApplicationKeyStore.m in Sources */,
				0FB7864014F38573004C2CD9 /* SyncSettingsViewController.m in Sources */,
				0F19C27A1500EAE700BE2110 /* EditViewController.m in Sources */,
				0F0AABCB1505D4C4008ABEF7 /* ListViewController_pad.m in Sources */,
				0F48CD7C150657A300D36640 /* DetailViewController_pad.m in Sources */,
				0FEA45511507257300390F2A /* SplitViewController.m in Sources */,
				0F630929150F52ED0029C18A /* EditViewRowItem.m in Sources */,
				0F4723B915185A5B00DFF926 /* EditViewSectionItem.m in Sources */,
				0F93BDEF1524530700E57E80 /* RelationsViewController.m in Sources */,
				2F05832D152B06EC006DCD26 /* RecentViewController.m in Sources */,
				0F937AB4152C21D900E043BC /* RecentViewController_pad.m in Sources */,
				0FFBEE0915459853002CB106 /* DBHelper.m in Sources */,
				4E9453CF156BB7B300F8867E /* Login.js in Sources */,
				4E9453D0156BB7B300F8867E /* Moduleicons.js in Sources */,
				4E9453D2156BB7B300F8867E /* Settings.js in Sources */,
				4E9453D3156BB7B300F8867E /* Syncsetup.js in Sources */,
				4E88CED6156CE3ED005E9413 /* Leads.js in Sources */,
				4E88CED7156CE3ED005E9413 /* Main.js in Sources */,
			);
			runOnlyForDeploymentPostprocessing = 0;
		};
		3B5C97E8147CF7BD007EF770 /* Sources */ = {
			isa = PBXSourcesBuildPhase;
			buildActionMask = 2147483647;
			files = (
				3B5C97FC147CF7BD007EF770 /* iSugarCRMTests.m in Sources */,
			);
			runOnlyForDeploymentPostprocessing = 0;
		};
/* End PBXSourcesBuildPhase section */

/* Begin PBXTargetDependency section */
		3B5C97F3147CF7BD007EF770 /* PBXTargetDependency */ = {
			isa = PBXTargetDependency;
			target = 3B5C97CB147CF7BC007EF770 /* Pancake */;
			targetProxy = 3B5C97F2147CF7BD007EF770 /* PBXContainerItemProxy */;
		};
/* End PBXTargetDependency section */

/* Begin PBXVariantGroup section */
		3B5C97D9147CF7BC007EF770 /* InfoPlist.strings */ = {
			isa = PBXVariantGroup;
			children = (
				3B5C97DA147CF7BC007EF770 /* en */,
			);
			name = InfoPlist.strings;
			sourceTree = "<group>";
		};
		3B5C97F7147CF7BD007EF770 /* InfoPlist.strings */ = {
			isa = PBXVariantGroup;
			children = (
				3B5C97F8147CF7BD007EF770 /* en */,
			);
			name = InfoPlist.strings;
			sourceTree = "<group>";
		};
/* End PBXVariantGroup section */

/* Begin XCBuildConfiguration section */
		3B5C97FD147CF7BD007EF770 /* Debug */ = {
			isa = XCBuildConfiguration;
			buildSettings = {
				ALWAYS_SEARCH_USER_PATHS = NO;
				ARCHS = "$(ARCHS_STANDARD_32_BIT)";
				CLANG_ENABLE_OBJC_ARC = YES;
				CODE_SIGN_IDENTITY = "iPhone Developer: Malasree Bantupalli (SR988792LU)";
				"CODE_SIGN_IDENTITY[sdk=iphoneos*]" = "iPhone Developer: Malasree Bantupalli (SR988792LU)";
				COPY_PHASE_STRIP = NO;
				GCC_C_LANGUAGE_STANDARD = gnu99;
				GCC_DYNAMIC_NO_PIC = NO;
				GCC_OPTIMIZATION_LEVEL = 0;
				GCC_PREPROCESSOR_DEFINITIONS = (
					"DEBUG=1",
					"$(inherited)",
				);
				GCC_SYMBOLS_PRIVATE_EXTERN = NO;
				GCC_VERSION = com.apple.compilers.llvm.clang.1_0;
				GCC_WARN_ABOUT_MISSING_PROTOTYPES = YES;
				GCC_WARN_ABOUT_RETURN_TYPE = YES;
				GCC_WARN_UNUSED_VARIABLE = YES;
				IPHONEOS_DEPLOYMENT_TARGET = 5.0;
				PROVISIONING_PROFILE = "CFE69336-1F0C-4287-B284-D25D9FA23951";
				"PROVISIONING_PROFILE[sdk=iphoneos*]" = "CFE69336-1F0C-4287-B284-D25D9FA23951";
				SDKROOT = iphoneos;
			};
			name = Debug;
		};
		3B5C97FE147CF7BD007EF770 /* Release */ = {
			isa = XCBuildConfiguration;
			buildSettings = {
				ALWAYS_SEARCH_USER_PATHS = NO;
				ARCHS = "$(ARCHS_STANDARD_32_BIT)";
				CLANG_ENABLE_OBJC_ARC = YES;
				CODE_SIGN_IDENTITY = "iPhone Distribution: Pramati Technologies";
				"CODE_SIGN_IDENTITY[sdk=iphoneos*]" = "iPhone Distribution: Pramati Technologies";
				COPY_PHASE_STRIP = YES;
				GCC_C_LANGUAGE_STANDARD = gnu99;
				GCC_VERSION = com.apple.compilers.llvm.clang.1_0;
				GCC_WARN_ABOUT_MISSING_PROTOTYPES = YES;
				GCC_WARN_ABOUT_RETURN_TYPE = YES;
				GCC_WARN_UNUSED_VARIABLE = YES;
				IPHONEOS_DEPLOYMENT_TARGET = 5.0;
				OTHER_CFLAGS = "-DNS_BLOCK_ASSERTIONS=1";
				PROVISIONING_PROFILE = "C60C3E8C-49B3-42C6-9D12-0883FE73B0E1";
				"PROVISIONING_PROFILE[sdk=iphoneos*]" = "C60C3E8C-49B3-42C6-9D12-0883FE73B0E1";
				SDKROOT = iphoneos;
				VALIDATE_PRODUCT = YES;
			};
			name = Release;
		};
		3B5C9800147CF7BD007EF770 /* Debug */ = {
			isa = XCBuildConfiguration;
			buildSettings = {
				CODE_SIGN_IDENTITY = "iPhone Developer: Malasree Bantupalli (SR988792LU)";
				"CODE_SIGN_IDENTITY[sdk=iphoneos*]" = "iPhone Developer: Malasree Bantupalli (SR988792LU)";
				GCC_PRECOMPILE_PREFIX_HEADER = YES;
				GCC_PREFIX_HEADER = "iSugarCRM/iSugarCRM-Prefix.pch";
				INFOPLIST_FILE = "iSugarCRM/iSugarCRM-Info.plist";
				IPHONEOS_DEPLOYMENT_TARGET = 5.0;
				LIBRARY_SEARCH_PATHS = (
					"$(inherited)",
					"\"$(SDKROOT)/usr/lib/system\"",
					"\"$(SRCROOT)/iSugarCRM\"",
				);
				PRODUCT_NAME = "$(TARGET_NAME)";
				PROVISIONING_PROFILE = "B4A6CA0F-B79B-4630-BCB0-0A0956D4E1EF";
				"PROVISIONING_PROFILE[sdk=iphoneos*]" = "B4A6CA0F-B79B-4630-BCB0-0A0956D4E1EF";
				SDKROOT = iphoneos;
				TARGETED_DEVICE_FAMILY = "1,2";
				WRAPPER_EXTENSION = app;
			};
			name = Debug;
		};
		3B5C9801147CF7BD007EF770 /* Release */ = {
			isa = XCBuildConfiguration;
			buildSettings = {
				CODE_SIGN_IDENTITY = "iPhone Distribution: Pramati Technologies";
				"CODE_SIGN_IDENTITY[sdk=iphoneos*]" = "iPhone Distribution: Pramati Technologies";
				GCC_PRECOMPILE_PREFIX_HEADER = YES;
				GCC_PREFIX_HEADER = "iSugarCRM/iSugarCRM-Prefix.pch";
				INFOPLIST_FILE = "iSugarCRM/iSugarCRM-Info.plist";
				IPHONEOS_DEPLOYMENT_TARGET = 5.0;
				LIBRARY_SEARCH_PATHS = (
					"$(inherited)",
					"\"$(SDKROOT)/usr/lib/system\"",
					"\"$(SRCROOT)/iSugarCRM\"",
				);
				PRODUCT_NAME = "$(TARGET_NAME)";
				PROVISIONING_PROFILE = "C60C3E8C-49B3-42C6-9D12-0883FE73B0E1";
				"PROVISIONING_PROFILE[sdk=iphoneos*]" = "C60C3E8C-49B3-42C6-9D12-0883FE73B0E1";
				SDKROOT = iphoneos;
				TARGETED_DEVICE_FAMILY = "1,2";
				WRAPPER_EXTENSION = app;
			};
			name = Release;
		};
		3B5C9803147CF7BD007EF770 /* Debug */ = {
			isa = XCBuildConfiguration;
			buildSettings = {
				BUNDLE_LOADER = "$(BUILT_PRODUCTS_DIR)/iSugarCRM.app/iSugarCRM";
				FRAMEWORK_SEARCH_PATHS = (
					"$(SDKROOT)/Developer/Library/Frameworks",
					"$(DEVELOPER_LIBRARY_DIR)/Frameworks",
				);
				GCC_PRECOMPILE_PREFIX_HEADER = YES;
				GCC_PREFIX_HEADER = "iSugarCRM/iSugarCRM-Prefix.pch";
				INFOPLIST_FILE = "iSugarCRMTests/iSugarCRMTests-Info.plist";
				PRODUCT_NAME = "$(TARGET_NAME)";
				TEST_HOST = "$(BUNDLE_LOADER)";
				WRAPPER_EXTENSION = octest;
			};
			name = Debug;
		};
		3B5C9804147CF7BD007EF770 /* Release */ = {
			isa = XCBuildConfiguration;
			buildSettings = {
				BUNDLE_LOADER = "$(BUILT_PRODUCTS_DIR)/iSugarCRM.app/iSugarCRM";
				FRAMEWORK_SEARCH_PATHS = (
					"$(SDKROOT)/Developer/Library/Frameworks",
					"$(DEVELOPER_LIBRARY_DIR)/Frameworks",
				);
				GCC_PRECOMPILE_PREFIX_HEADER = YES;
				GCC_PREFIX_HEADER = "iSugarCRM/iSugarCRM-Prefix.pch";
				INFOPLIST_FILE = "iSugarCRMTests/iSugarCRMTests-Info.plist";
				PRODUCT_NAME = "$(TARGET_NAME)";
				TEST_HOST = "$(BUNDLE_LOADER)";
				WRAPPER_EXTENSION = octest;
			};
			name = Release;
		};
/* End XCBuildConfiguration section */

/* Begin XCConfigurationList section */
		3B5C97C6147CF7BC007EF770 /* Build configuration list for PBXProject "iSugarCRM" */ = {
			isa = XCConfigurationList;
			buildConfigurations = (
				3B5C97FD147CF7BD007EF770 /* Debug */,
				3B5C97FE147CF7BD007EF770 /* Release */,
			);
			defaultConfigurationIsVisible = 0;
			defaultConfigurationName = Debug;
		};
		3B5C97FF147CF7BD007EF770 /* Build configuration list for PBXNativeTarget "Pancake" */ = {
			isa = XCConfigurationList;
			buildConfigurations = (
				3B5C9800147CF7BD007EF770 /* Debug */,
				3B5C9801147CF7BD007EF770 /* Release */,
			);
			defaultConfigurationIsVisible = 0;
			defaultConfigurationName = Debug;
		};
		3B5C9802147CF7BD007EF770 /* Build configuration list for PBXNativeTarget "PancakeTests" */ = {
			isa = XCConfigurationList;
			buildConfigurations = (
				3B5C9803147CF7BD007EF770 /* Debug */,
				3B5C9804147CF7BD007EF770 /* Release */,
			);
			defaultConfigurationIsVisible = 0;
			defaultConfigurationName = Debug;
		};
/* End XCConfigurationList section */
	};
	rootObject = 3B5C97C3147CF7BC007EF770 /* Project object */;
}
