// !$*UTF8*$!
{
	archiveVersion = 1;
	classes = {
	};
	objectVersion = 46;
	objects = {

/* Begin PBXBuildFile section */
		2F6C46A0148676A400865C25 /* OrderedDictionary.m in Sources */ = {isa = PBXBuildFile; fileRef = 2F6C469D148676A300865C25 /* OrderedDictionary.m */; };
		2F6C46A1148676A400865C25 /* JSONKit.m in Sources */ = {isa = PBXBuildFile; fileRef = 2F6C469F148676A300865C25 /* JSONKit.m */; settings = {COMPILER_FLAGS = "-fno-objc-arc"; }; };
		2FB601A214A2CF810071AAA0 /* SugarMetadata.plist in Resources */ = {isa = PBXBuildFile; fileRef = 2FB601A114A2CF810071AAA0 /* SugarMetadata.plist */; };
		2FBBDFC41495DDF0000CFB80 /* RootViewController.m in Sources */ = {isa = PBXBuildFile; fileRef = 2FBBDFC31495DDF0000CFB80 /* RootViewController.m */; };
		2FBBDFC8149644B5000CFB80 /* SyncHandler.m in Sources */ = {isa = PBXBuildFile; fileRef = 2FBBDFC7149644B5000CFB80 /* SyncHandler.m */; };
		2FCB48F214A21328009079A1 /* DetailViewRowItem.m in Sources */ = {isa = PBXBuildFile; fileRef = 2FCB48EB14A21328009079A1 /* DetailViewRowItem.m */; };
		2FCB48F314A21328009079A1 /* DetailViewSectionItem.m in Sources */ = {isa = PBXBuildFile; fileRef = 2FCB48ED14A21328009079A1 /* DetailViewSectionItem.m */; };
		2FCB48F414A21328009079A1 /* DetailViewController.m in Sources */ = {isa = PBXBuildFile; fileRef = 2FCB48EF14A21328009079A1 /* DetailViewController.m */; };
		2FD9F492148D0A8900446A5F /* libsqlite3.dylib in Frameworks */ = {isa = PBXBuildFile; fileRef = 2FD9F491148D0A8900446A5F /* libsqlite3.dylib */; };
		2FD9F4B9148D0DEC00446A5F /* SqliteObj.m in Sources */ = {isa = PBXBuildFile; fileRef = 2FD9F4B8148D0DEB00446A5F /* SqliteObj.m */; };
		2FFC25A2148EB17B0060D5A6 /* CRMDatabase.db in Resources */ = {isa = PBXBuildFile; fileRef = 2FFC25A1148EB17B0060D5A6 /* CRMDatabase.db */; };
		3B3E6276148E2F8A002BAE48 /* ListViewMetadata.m in Sources */ = {isa = PBXBuildFile; fileRef = 3B3E6275148E2F8A002BAE48 /* ListViewMetadata.m */; };
		3B3E627A148E32AE002BAE48 /* ListViewController.m in Sources */ = {isa = PBXBuildFile; fileRef = 3B3E6279148E32AE002BAE48 /* ListViewController.m */; };
		3B3E627E148E35D9002BAE48 /* DetailViewMetadata.m in Sources */ = {isa = PBXBuildFile; fileRef = 3B3E627D148E35D9002BAE48 /* DetailViewMetadata.m */; };
		3B504E5714862E410037D75E /* DBMetadata.m in Sources */ = {isa = PBXBuildFile; fileRef = 3B504E5614862E410037D75E /* DBMetadata.m */; };
		3B5C97D1147CF7BC007EF770 /* UIKit.framework in Frameworks */ = {isa = PBXBuildFile; fileRef = 3B5C97D0147CF7BC007EF770 /* UIKit.framework */; };
		3B5C97D3147CF7BC007EF770 /* Foundation.framework in Frameworks */ = {isa = PBXBuildFile; fileRef = 3B5C97D2147CF7BC007EF770 /* Foundation.framework */; };
		3B5C97D5147CF7BC007EF770 /* CoreGraphics.framework in Frameworks */ = {isa = PBXBuildFile; fileRef = 3B5C97D4147CF7BC007EF770 /* CoreGraphics.framework */; };
		3B5C97DB147CF7BC007EF770 /* InfoPlist.strings in Resources */ = {isa = PBXBuildFile; fileRef = 3B5C97D9147CF7BC007EF770 /* InfoPlist.strings */; };
		3B5C97DD147CF7BC007EF770 /* main.m in Sources */ = {isa = PBXBuildFile; fileRef = 3B5C97DC147CF7BC007EF770 /* main.m */; };
		3B5C97E1147CF7BD007EF770 /* AppDelegate.m in Sources */ = {isa = PBXBuildFile; fileRef = 3B5C97E0147CF7BD007EF770 /* AppDelegate.m */; };
		3B5C97EF147CF7BD007EF770 /* SenTestingKit.framework in Frameworks */ = {isa = PBXBuildFile; fileRef = 3B5C97EE147CF7BD007EF770 /* SenTestingKit.framework */; };
		3B5C97F0147CF7BD007EF770 /* UIKit.framework in Frameworks */ = {isa = PBXBuildFile; fileRef = 3B5C97D0147CF7BC007EF770 /* UIKit.framework */; };
		3B5C97F1147CF7BD007EF770 /* Foundation.framework in Frameworks */ = {isa = PBXBuildFile; fileRef = 3B5C97D2147CF7BC007EF770 /* Foundation.framework */; };
		3B5C97F9147CF7BD007EF770 /* InfoPlist.strings in Resources */ = {isa = PBXBuildFile; fileRef = 3B5C97F7147CF7BD007EF770 /* InfoPlist.strings */; };
		3B5C97FC147CF7BD007EF770 /* iSugarCRMTests.m in Sources */ = {isa = PBXBuildFile; fileRef = 3B5C97FB147CF7BD007EF770 /* iSugarCRMTests.m */; };
		3B5C9808147CF800007EF770 /* MetadataStore.m in Sources */ = {isa = PBXBuildFile; fileRef = 3B5C9807147CF800007EF770 /* MetadataStore.m */; };
		3B5C980E147CF82A007EF770 /* ViewMetadataStore.m in Sources */ = {isa = PBXBuildFile; fileRef = 3B5C980D147CF82A007EF770 /* ViewMetadataStore.m */; };
		3B5C9811147CF83E007EF770 /* WebserviceSession.m in Sources */ = {isa = PBXBuildFile; fileRef = 3B5C9810147CF83E007EF770 /* WebserviceSession.m */; };
		3B5C9814147CF850007EF770 /* DBSession.m in Sources */ = {isa = PBXBuildFile; fileRef = 3B5C9813147CF850007EF770 /* DBSession.m */; };
		3B5C9817147CF85F007EF770 /* ViewSession.m in Sources */ = {isa = PBXBuildFile; fileRef = 3B5C9816147CF85F007EF770 /* ViewSession.m */; };
		3B5C981E1484BE27007EF770 /* WebserviceMetadata.m in Sources */ = {isa = PBXBuildFile; fileRef = 3B5C981D1484BE26007EF770 /* WebserviceMetadata.m */; };
		3B5C98221484C2DA007EF770 /* SugarCRMMetadataStore.m in Sources */ = {isa = PBXBuildFile; fileRef = 3B5C98211484C2DA007EF770 /* SugarCRMMetadataStore.m */; };
		3B5C98251484F086007EF770 /* DataObjectField.m in Sources */ = {isa = PBXBuildFile; fileRef = 3B5C98241484F083007EF770 /* DataObjectField.m */; };
		3B5C98281484F150007EF770 /* DataObjectMetadata.m in Sources */ = {isa = PBXBuildFile; fileRef = 3B5C98271484F14E007EF770 /* DataObjectMetadata.m */; };
		3B5C982B1484F1E5007EF770 /* DataObject.m in Sources */ = {isa = PBXBuildFile; fileRef = 3B5C982A1484F1E2007EF770 /* DataObject.m */; };
/* End PBXBuildFile section */

/* Begin PBXContainerItemProxy section */
		3B5C97F2147CF7BD007EF770 /* PBXContainerItemProxy */ = {
			isa = PBXContainerItemProxy;
			containerPortal = 3B5C97C3147CF7BC007EF770 /* Project object */;
			proxyType = 1;
			remoteGlobalIDString = 3B5C97CB147CF7BC007EF770;
			remoteInfo = iSugarCRM;
		};
/* End PBXContainerItemProxy section */

/* Begin PBXFileReference section */
		2F6C469C148676A300865C25 /* OrderedDictionary.h */ = {isa = PBXFileReference; fileEncoding = 4; lastKnownFileType = sourcecode.c.h; path = OrderedDictionary.h; sourceTree = "<group>"; };
		2F6C469D148676A300865C25 /* OrderedDictionary.m */ = {isa = PBXFileReference; fileEncoding = 4; lastKnownFileType = sourcecode.c.objc; path = OrderedDictionary.m; sourceTree = "<group>"; };
		2F6C469E148676A300865C25 /* JSONKit.h */ = {isa = PBXFileReference; fileEncoding = 4; lastKnownFileType = sourcecode.c.h; path = JSONKit.h; sourceTree = "<group>"; };
		2F6C469F148676A300865C25 /* JSONKit.m */ = {isa = PBXFileReference; fileEncoding = 4; lastKnownFileType = sourcecode.c.objc; path = JSONKit.m; sourceTree = "<group>"; };
		2FB601A114A2CF810071AAA0 /* SugarMetadata.plist */ = {isa = PBXFileReference; fileEncoding = 4; lastKnownFileType = text.plist.xml; path = SugarMetadata.plist; sourceTree = "<group>"; };
		2FBBDFC21495DDF0000CFB80 /* RootViewController.h */ = {isa = PBXFileReference; fileEncoding = 4; lastKnownFileType = sourcecode.c.h; path = RootViewController.h; sourceTree = "<group>"; };
		2FBBDFC31495DDF0000CFB80 /* RootViewController.m */ = {isa = PBXFileReference; fileEncoding = 4; lastKnownFileType = sourcecode.c.objc; path = RootViewController.m; sourceTree = "<group>"; };
		2FBBDFC6149644B5000CFB80 /* SyncHandler.h */ = {isa = PBXFileReference; fileEncoding = 4; lastKnownFileType = sourcecode.c.h; path = SyncHandler.h; sourceTree = "<group>"; };
		2FBBDFC7149644B5000CFB80 /* SyncHandler.m */ = {isa = PBXFileReference; fileEncoding = 4; lastKnownFileType = sourcecode.c.objc; path = SyncHandler.m; sourceTree = "<group>"; };
		2FCB48EA14A21328009079A1 /* DetailViewRowItem.h */ = {isa = PBXFileReference; fileEncoding = 4; lastKnownFileType = sourcecode.c.h; path = DetailViewRowItem.h; sourceTree = "<group>"; };
		2FCB48EB14A21328009079A1 /* DetailViewRowItem.m */ = {isa = PBXFileReference; fileEncoding = 4; lastKnownFileType = sourcecode.c.objc; path = DetailViewRowItem.m; sourceTree = "<group>"; };
		2FCB48EC14A21328009079A1 /* DetailViewSectionItem.h */ = {isa = PBXFileReference; fileEncoding = 4; lastKnownFileType = sourcecode.c.h; path = DetailViewSectionItem.h; sourceTree = "<group>"; };
		2FCB48ED14A21328009079A1 /* DetailViewSectionItem.m */ = {isa = PBXFileReference; fileEncoding = 4; lastKnownFileType = sourcecode.c.objc; path = DetailViewSectionItem.m; sourceTree = "<group>"; };
		2FCB48EE14A21328009079A1 /* DetailViewController.h */ = {isa = PBXFileReference; fileEncoding = 4; lastKnownFileType = sourcecode.c.h; name = DetailViewController.h; path = itemfiles/DetailViewController.h; sourceTree = "<group>"; };
		2FCB48EF14A21328009079A1 /* DetailViewController.m */ = {isa = PBXFileReference; fileEncoding = 4; lastKnownFileType = sourcecode.c.objc; name = DetailViewController.m; path = itemfiles/DetailViewController.m; sourceTree = "<group>"; };
		2FCB48F014A21328009079A1 /* UITableViewCellItem.h */ = {isa = PBXFileReference; fileEncoding = 4; lastKnownFileType = sourcecode.c.h; path = UITableViewCellItem.h; sourceTree = "<group>"; };
		2FCB48F114A21328009079A1 /* UITableViewCellSectionItem.h */ = {isa = PBXFileReference; fileEncoding = 4; lastKnownFileType = sourcecode.c.h; path = UITableViewCellSectionItem.h; sourceTree = "<group>"; };
		2FD9F491148D0A8900446A5F /* libsqlite3.dylib */ = {isa = PBXFileReference; lastKnownFileType = "compiled.mach-o.dylib"; name = libsqlite3.dylib; path = usr/lib/libsqlite3.dylib; sourceTree = SDKROOT; };
		2FD9F4B7148D0DE900446A5F /* SqliteObj.h */ = {isa = PBXFileReference; fileEncoding = 4; lastKnownFileType = sourcecode.c.h; path = SqliteObj.h; sourceTree = "<group>"; };
		2FD9F4B8148D0DEB00446A5F /* SqliteObj.m */ = {isa = PBXFileReference; fileEncoding = 4; lastKnownFileType = sourcecode.c.objc; path = SqliteObj.m; sourceTree = "<group>"; };
		2FFC25A1148EB17B0060D5A6 /* CRMDatabase.db */ = {isa = PBXFileReference; lastKnownFileType = file; path = CRMDatabase.db; sourceTree = "<group>"; };
		3B3E6274148E2F8A002BAE48 /* ListViewMetadata.h */ = {isa = PBXFileReference; fileEncoding = 4; lastKnownFileType = sourcecode.c.h; path = ListViewMetadata.h; sourceTree = "<group>"; };
		3B3E6275148E2F8A002BAE48 /* ListViewMetadata.m */ = {isa = PBXFileReference; fileEncoding = 4; lastKnownFileType = sourcecode.c.objc; path = ListViewMetadata.m; sourceTree = "<group>"; };
		3B3E6278148E32AE002BAE48 /* ListViewController.h */ = {isa = PBXFileReference; fileEncoding = 4; lastKnownFileType = sourcecode.c.h; path = ListViewController.h; sourceTree = "<group>"; };
		3B3E6279148E32AE002BAE48 /* ListViewController.m */ = {isa = PBXFileReference; fileEncoding = 4; lastKnownFileType = sourcecode.c.objc; path = ListViewController.m; sourceTree = "<group>"; };
		3B3E627C148E35D8002BAE48 /* DetailViewMetadata.h */ = {isa = PBXFileReference; fileEncoding = 4; lastKnownFileType = sourcecode.c.h; path = DetailViewMetadata.h; sourceTree = "<group>"; };
		3B3E627D148E35D9002BAE48 /* DetailViewMetadata.m */ = {isa = PBXFileReference; fileEncoding = 4; lastKnownFileType = sourcecode.c.objc; path = DetailViewMetadata.m; sourceTree = "<group>"; };
		3B504E5514862E410037D75E /* DBMetadata.h */ = {isa = PBXFileReference; fileEncoding = 4; lastKnownFileType = sourcecode.c.h; path = DBMetadata.h; sourceTree = "<group>"; };
		3B504E5614862E410037D75E /* DBMetadata.m */ = {isa = PBXFileReference; fileEncoding = 4; lastKnownFileType = sourcecode.c.objc; path = DBMetadata.m; sourceTree = "<group>"; };
		3B5C97CC147CF7BC007EF770 /* iSugarCRM.app */ = {isa = PBXFileReference; explicitFileType = wrapper.application; includeInIndex = 0; path = iSugarCRM.app; sourceTree = BUILT_PRODUCTS_DIR; };
		3B5C97D0147CF7BC007EF770 /* UIKit.framework */ = {isa = PBXFileReference; lastKnownFileType = wrapper.framework; name = UIKit.framework; path = System/Library/Frameworks/UIKit.framework; sourceTree = SDKROOT; };
		3B5C97D2147CF7BC007EF770 /* Foundation.framework */ = {isa = PBXFileReference; lastKnownFileType = wrapper.framework; name = Foundation.framework; path = System/Library/Frameworks/Foundation.framework; sourceTree = SDKROOT; };
		3B5C97D4147CF7BC007EF770 /* CoreGraphics.framework */ = {isa = PBXFileReference; lastKnownFileType = wrapper.framework; name = CoreGraphics.framework; path = System/Library/Frameworks/CoreGraphics.framework; sourceTree = SDKROOT; };
		3B5C97D8147CF7BC007EF770 /* iSugarCRM-Info.plist */ = {isa = PBXFileReference; lastKnownFileType = text.plist.xml; path = "iSugarCRM-Info.plist"; sourceTree = "<group>"; };
		3B5C97DA147CF7BC007EF770 /* en */ = {isa = PBXFileReference; lastKnownFileType = text.plist.strings; name = en; path = en.lproj/InfoPlist.strings; sourceTree = "<group>"; };
		3B5C97DC147CF7BC007EF770 /* main.m */ = {isa = PBXFileReference; lastKnownFileType = sourcecode.c.objc; path = main.m; sourceTree = "<group>"; };
		3B5C97DE147CF7BD007EF770 /* iSugarCRM-Prefix.pch */ = {isa = PBXFileReference; lastKnownFileType = sourcecode.c.h; path = "iSugarCRM-Prefix.pch"; sourceTree = "<group>"; };
		3B5C97DF147CF7BD007EF770 /* AppDelegate.h */ = {isa = PBXFileReference; lastKnownFileType = sourcecode.c.h; path = AppDelegate.h; sourceTree = "<group>"; };
		3B5C97E0147CF7BD007EF770 /* AppDelegate.m */ = {isa = PBXFileReference; lastKnownFileType = sourcecode.c.objc; path = AppDelegate.m; sourceTree = "<group>"; };
		3B5C97ED147CF7BD007EF770 /* iSugarCRMTests.octest */ = {isa = PBXFileReference; explicitFileType = wrapper.cfbundle; includeInIndex = 0; path = iSugarCRMTests.octest; sourceTree = BUILT_PRODUCTS_DIR; };
		3B5C97EE147CF7BD007EF770 /* SenTestingKit.framework */ = {isa = PBXFileReference; lastKnownFileType = wrapper.framework; name = SenTestingKit.framework; path = Library/Frameworks/SenTestingKit.framework; sourceTree = DEVELOPER_DIR; };
		3B5C97F6147CF7BD007EF770 /* iSugarCRMTests-Info.plist */ = {isa = PBXFileReference; lastKnownFileType = text.plist.xml; path = "iSugarCRMTests-Info.plist"; sourceTree = "<group>"; };
		3B5C97F8147CF7BD007EF770 /* en */ = {isa = PBXFileReference; lastKnownFileType = text.plist.strings; name = en; path = en.lproj/InfoPlist.strings; sourceTree = "<group>"; };
		3B5C97FA147CF7BD007EF770 /* iSugarCRMTests.h */ = {isa = PBXFileReference; lastKnownFileType = sourcecode.c.h; path = iSugarCRMTests.h; sourceTree = "<group>"; };
		3B5C97FB147CF7BD007EF770 /* iSugarCRMTests.m */ = {isa = PBXFileReference; lastKnownFileType = sourcecode.c.objc; path = iSugarCRMTests.m; sourceTree = "<group>"; };
		3B5C9806147CF800007EF770 /* MetadataStore.h */ = {isa = PBXFileReference; fileEncoding = 4; lastKnownFileType = sourcecode.c.h; path = MetadataStore.h; sourceTree = "<group>"; };
		3B5C9807147CF800007EF770 /* MetadataStore.m */ = {isa = PBXFileReference; fileEncoding = 4; lastKnownFileType = sourcecode.c.objc; path = MetadataStore.m; sourceTree = "<group>"; };
		3B5C980C147CF829007EF770 /* ViewMetadataStore.h */ = {isa = PBXFileReference; fileEncoding = 4; lastKnownFileType = sourcecode.c.h; path = ViewMetadataStore.h; sourceTree = "<group>"; };
		3B5C980D147CF82A007EF770 /* ViewMetadataStore.m */ = {isa = PBXFileReference; fileEncoding = 4; lastKnownFileType = sourcecode.c.objc; path = ViewMetadataStore.m; sourceTree = "<group>"; };
		3B5C980F147CF83D007EF770 /* WebserviceSession.h */ = {isa = PBXFileReference; fileEncoding = 4; lastKnownFileType = sourcecode.c.h; path = WebserviceSession.h; sourceTree = "<group>"; };
		3B5C9810147CF83E007EF770 /* WebserviceSession.m */ = {isa = PBXFileReference; fileEncoding = 4; lastKnownFileType = sourcecode.c.objc; path = WebserviceSession.m; sourceTree = "<group>"; };
		3B5C9812147CF84F007EF770 /* DBSession.h */ = {isa = PBXFileReference; fileEncoding = 4; lastKnownFileType = sourcecode.c.h; path = DBSession.h; sourceTree = "<group>"; };
		3B5C9813147CF850007EF770 /* DBSession.m */ = {isa = PBXFileReference; fileEncoding = 4; lastKnownFileType = sourcecode.c.objc; path = DBSession.m; sourceTree = "<group>"; };
		3B5C9815147CF85F007EF770 /* ViewSession.h */ = {isa = PBXFileReference; fileEncoding = 4; lastKnownFileType = sourcecode.c.h; path = ViewSession.h; sourceTree = "<group>"; };
		3B5C9816147CF85F007EF770 /* ViewSession.m */ = {isa = PBXFileReference; fileEncoding = 4; lastKnownFileType = sourcecode.c.objc; path = ViewSession.m; sourceTree = "<group>"; };
		3B5C981C1484BE25007EF770 /* WebserviceMetadata.h */ = {isa = PBXFileReference; fileEncoding = 4; lastKnownFileType = sourcecode.c.h; path = WebserviceMetadata.h; sourceTree = "<group>"; };
		3B5C981D1484BE26007EF770 /* WebserviceMetadata.m */ = {isa = PBXFileReference; fileEncoding = 4; lastKnownFileType = sourcecode.c.objc; path = WebserviceMetadata.m; sourceTree = "<group>"; };
		3B5C98201484C2D9007EF770 /* SugarCRMMetadataStore.h */ = {isa = PBXFileReference; fileEncoding = 4; lastKnownFileType = sourcecode.c.h; path = SugarCRMMetadataStore.h; sourceTree = "<group>"; };
		3B5C98211484C2DA007EF770 /* SugarCRMMetadataStore.m */ = {isa = PBXFileReference; fileEncoding = 4; lastKnownFileType = sourcecode.c.objc; path = SugarCRMMetadataStore.m; sourceTree = "<group>"; };
		3B5C98231484F081007EF770 /* DataObjectField.h */ = {isa = PBXFileReference; fileEncoding = 4; lastKnownFileType = sourcecode.c.h; path = DataObjectField.h; sourceTree = "<group>"; };
		3B5C98241484F083007EF770 /* DataObjectField.m */ = {isa = PBXFileReference; fileEncoding = 4; lastKnownFileType = sourcecode.c.objc; path = DataObjectField.m; sourceTree = "<group>"; };
		3B5C98261484F14D007EF770 /* DataObjectMetadata.h */ = {isa = PBXFileReference; fileEncoding = 4; lastKnownFileType = sourcecode.c.h; path = DataObjectMetadata.h; sourceTree = "<group>"; };
		3B5C98271484F14E007EF770 /* DataObjectMetadata.m */ = {isa = PBXFileReference; fileEncoding = 4; lastKnownFileType = sourcecode.c.objc; path = DataObjectMetadata.m; sourceTree = "<group>"; };
		3B5C98291484F1E0007EF770 /* DataObject.h */ = {isa = PBXFileReference; fileEncoding = 4; lastKnownFileType = sourcecode.c.h; path = DataObject.h; sourceTree = "<group>"; };
		3B5C982A1484F1E2007EF770 /* DataObject.m */ = {isa = PBXFileReference; fileEncoding = 4; lastKnownFileType = sourcecode.c.objc; path = DataObject.m; sourceTree = "<group>"; };
/* End PBXFileReference section */

/* Begin PBXFrameworksBuildPhase section */
		3B5C97C9147CF7BC007EF770 /* Frameworks */ = {
			isa = PBXFrameworksBuildPhase;
			buildActionMask = 2147483647;
			files = (
				2FD9F492148D0A8900446A5F /* libsqlite3.dylib in Frameworks */,
				3B5C97D1147CF7BC007EF770 /* UIKit.framework in Frameworks */,
				3B5C97D3147CF7BC007EF770 /* Foundation.framework in Frameworks */,
				3B5C97D5147CF7BC007EF770 /* CoreGraphics.framework in Frameworks */,
			);
			runOnlyForDeploymentPostprocessing = 0;
		};
		3B5C97E9147CF7BD007EF770 /* Frameworks */ = {
			isa = PBXFrameworksBuildPhase;
			buildActionMask = 2147483647;
			files = (
				3B5C97EF147CF7BD007EF770 /* SenTestingKit.framework in Frameworks */,
				3B5C97F0147CF7BD007EF770 /* UIKit.framework in Frameworks */,
				3B5C97F1147CF7BD007EF770 /* Foundation.framework in Frameworks */,
			);
			runOnlyForDeploymentPostprocessing = 0;
		};
/* End PBXFrameworksBuildPhase section */

/* Begin PBXGroup section */
		2F6C46A3148676A700865C25 /* Utitlity */ = {
			isa = PBXGroup;
			children = (
				2FD9F4B7148D0DE900446A5F /* SqliteObj.h */,
				2FD9F4B8148D0DEB00446A5F /* SqliteObj.m */,
				2F6C469C148676A300865C25 /* OrderedDictionary.h */,
				2F6C469D148676A300865C25 /* OrderedDictionary.m */,
				2F6C469E148676A300865C25 /* JSONKit.h */,
				2F6C469F148676A300865C25 /* JSONKit.m */,
			);
			name = Utitlity;
			sourceTree = "<group>";
		};
		2FCB48E914A21328009079A1 /* itemfiles */ = {
			isa = PBXGroup;
			children = (
				2FCB48EA14A21328009079A1 /* DetailViewRowItem.h */,
				2FCB48EB14A21328009079A1 /* DetailViewRowItem.m */,
				2FCB48EC14A21328009079A1 /* DetailViewSectionItem.h */,
				2FCB48ED14A21328009079A1 /* DetailViewSectionItem.m */,
				2FCB48F014A21328009079A1 /* UITableViewCellItem.h */,
				2FCB48F114A21328009079A1 /* UITableViewCellSectionItem.h */,
			);
			path = itemfiles;
			sourceTree = "<group>";
		};
		3B3E6272148E1B98002BAE48 /* sugar */ = {
			isa = PBXGroup;
			children = (
			);
			name = sugar;
			sourceTree = "<group>";
		};
		3B3E6277148E3288002BAE48 /* UI */ = {
			isa = PBXGroup;
			children = (
				2FCB48EE14A21328009079A1 /* DetailViewController.h */,
				2FCB48EF14A21328009079A1 /* DetailViewController.m */,
				3B3E6278148E32AE002BAE48 /* ListViewController.h */,
				3B3E6279148E32AE002BAE48 /* ListViewController.m */,
			);
			name = UI;
			sourceTree = "<group>";
		};
		3B504E5114862CF30037D75E /* webservice */ = {
			isa = PBXGroup;
			children = (
				3B5C980F147CF83D007EF770 /* WebserviceSession.h */,
				3B5C9810147CF83E007EF770 /* WebserviceSession.m */,
				3B5C981C1484BE25007EF770 /* WebserviceMetadata.h */,
				3B5C981D1484BE26007EF770 /* WebserviceMetadata.m */,
			);
			name = webservice;
			sourceTree = "<group>";
		};
		3B504E5314862D170037D75E /* view */ = {
			isa = PBXGroup;
			children = (
				3B5C980C147CF829007EF770 /* ViewMetadataStore.h */,
				3B5C980D147CF82A007EF770 /* ViewMetadataStore.m */,
				3B5C9815147CF85F007EF770 /* ViewSession.h */,
				3B5C9816147CF85F007EF770 /* ViewSession.m */,
				3B3E6274148E2F8A002BAE48 /* ListViewMetadata.h */,
				3B3E6275148E2F8A002BAE48 /* ListViewMetadata.m */,
				3B3E627C148E35D8002BAE48 /* DetailViewMetadata.h */,
				3B3E627D148E35D9002BAE48 /* DetailViewMetadata.m */,
			);
			name = view;
			sourceTree = "<group>";
		};
		3B504E5414862D1B0037D75E /* database */ = {
			isa = PBXGroup;
			children = (
				3B5C9812147CF84F007EF770 /* DBSession.h */,
				3B5C9813147CF850007EF770 /* DBSession.m */,
				3B504E5514862E410037D75E /* DBMetadata.h */,
				3B504E5614862E410037D75E /* DBMetadata.m */,
			);
			name = database;
			sourceTree = "<group>";
		};
		3B504E58148630AE0037D75E /* metadata */ = {
			isa = PBXGroup;
			children = (
				3B5C9806147CF800007EF770 /* MetadataStore.h */,
				3B5C9807147CF800007EF770 /* MetadataStore.m */,
			);
			name = metadata;
			sourceTree = "<group>";
		};
		3B504E59148631500037D75E /* Model */ = {
			isa = PBXGroup;
			children = (
				3B5C98231484F081007EF770 /* DataObjectField.h */,
				3B5C98241484F083007EF770 /* DataObjectField.m */,
				3B5C98261484F14D007EF770 /* DataObjectMetadata.h */,
				3B5C98271484F14E007EF770 /* DataObjectMetadata.m */,
				3B5C98291484F1E0007EF770 /* DataObject.h */,
				3B5C982A1484F1E2007EF770 /* DataObject.m */,
			);
			name = Model;
			sourceTree = "<group>";
		};
		3B5C97C1147CF7BC007EF770 = {
			isa = PBXGroup;
			children = (
				3B5C97D6147CF7BC007EF770 /* iSugarCRM */,
				3B5C97F4147CF7BD007EF770 /* iSugarCRMTests */,
				3B5C97CF147CF7BC007EF770 /* Frameworks */,
				3B5C97CD147CF7BC007EF770 /* Products */,
			);
			sourceTree = "<group>";
		};
		3B5C97CD147CF7BC007EF770 /* Products */ = {
			isa = PBXGroup;
			children = (
				3B5C97CC147CF7BC007EF770 /* iSugarCRM.app */,
				3B5C97ED147CF7BD007EF770 /* iSugarCRMTests.octest */,
			);
			name = Products;
			sourceTree = "<group>";
		};
		3B5C97CF147CF7BC007EF770 /* Frameworks */ = {
			isa = PBXGroup;
			children = (
				2FD9F491148D0A8900446A5F /* libsqlite3.dylib */,
				3B5C97D0147CF7BC007EF770 /* UIKit.framework */,
				3B5C97D2147CF7BC007EF770 /* Foundation.framework */,
				3B5C97D4147CF7BC007EF770 /* CoreGraphics.framework */,
				3B5C97EE147CF7BD007EF770 /* SenTestingKit.framework */,
			);
			name = Frameworks;
			sourceTree = "<group>";
		};
		3B5C97D6147CF7BC007EF770 /* iSugarCRM */ = {
			isa = PBXGroup;
			children = (
				3B5C9805147CF7D1007EF770 /* source */,
				2FBBDFC6149644B5000CFB80 /* SyncHandler.h */,
				2FBBDFC7149644B5000CFB80 /* SyncHandler.m */,
				2FBBDFC21495DDF0000CFB80 /* RootViewController.h */,
				2FBBDFC31495DDF0000CFB80 /* RootViewController.m */,
				3B5C98201484C2D9007EF770 /* SugarCRMMetadataStore.h */,
				3B5C98211484C2DA007EF770 /* SugarCRMMetadataStore.m */,
				3B5C97DF147CF7BD007EF770 /* AppDelegate.h */,
				3B5C97E0147CF7BD007EF770 /* AppDelegate.m */,
				3B5C97D7147CF7BC007EF770 /* Supporting Files */,
			);
			path = iSugarCRM;
			sourceTree = "<group>";
		};
		3B5C97D7147CF7BC007EF770 /* Supporting Files */ = {
			isa = PBXGroup;
			children = (
				2FB601A114A2CF810071AAA0 /* SugarMetadata.plist */,
				2FFC25A1148EB17B0060D5A6 /* CRMDatabase.db */,
				3B5C97D8147CF7BC007EF770 /* iSugarCRM-Info.plist */,
				3B5C97D9147CF7BC007EF770 /* InfoPlist.strings */,
				3B5C97DC147CF7BC007EF770 /* main.m */,
				3B5C97DE147CF7BD007EF770 /* iSugarCRM-Prefix.pch */,
			);
			name = "Supporting Files";
			sourceTree = "<group>";
		};
		3B5C97F4147CF7BD007EF770 /* iSugarCRMTests */ = {
			isa = PBXGroup;
			children = (
				3B5C97FA147CF7BD007EF770 /* iSugarCRMTests.h */,
				3B5C97FB147CF7BD007EF770 /* iSugarCRMTests.m */,
				3B5C97F5147CF7BD007EF770 /* Supporting Files */,
			);
			path = iSugarCRMTests;
			sourceTree = "<group>";
		};
		3B5C97F5147CF7BD007EF770 /* Supporting Files */ = {
			isa = PBXGroup;
			children = (
				3B5C97F6147CF7BD007EF770 /* iSugarCRMTests-Info.plist */,
				3B5C97F7147CF7BD007EF770 /* InfoPlist.strings */,
			);
			name = "Supporting Files";
			sourceTree = "<group>";
		};
		3B5C9805147CF7D1007EF770 /* source */ = {
			isa = PBXGroup;
			children = (
				2FCB48E914A21328009079A1 /* itemfiles */,
				3B3E6277148E3288002BAE48 /* UI */,
				3B3E6272148E1B98002BAE48 /* sugar */,
				2F6C46A3148676A700865C25 /* Utitlity */,
				3B504E59148631500037D75E /* Model */,
				3B504E58148630AE0037D75E /* metadata */,
				3B504E5414862D1B0037D75E /* database */,
				3B504E5314862D170037D75E /* view */,
				3B504E5114862CF30037D75E /* webservice */,
			);
			name = source;
			sourceTree = "<group>";
		};
/* End PBXGroup section */

/* Begin PBXNativeTarget section */
		3B5C97CB147CF7BC007EF770 /* iSugarCRM */ = {
			isa = PBXNativeTarget;
			buildConfigurationList = 3B5C97FF147CF7BD007EF770 /* Build configuration list for PBXNativeTarget "iSugarCRM" */;
			buildPhases = (
				3B5C97C8147CF7BC007EF770 /* Sources */,
				3B5C97C9147CF7BC007EF770 /* Frameworks */,
				3B5C97CA147CF7BC007EF770 /* Resources */,
			);
			buildRules = (
			);
			dependencies = (
			);
			name = iSugarCRM;
			productName = iSugarCRM;
			productReference = 3B5C97CC147CF7BC007EF770 /* iSugarCRM.app */;
			productType = "com.apple.product-type.application";
		};
		3B5C97EC147CF7BD007EF770 /* iSugarCRMTests */ = {
			isa = PBXNativeTarget;
			buildConfigurationList = 3B5C9802147CF7BD007EF770 /* Build configuration list for PBXNativeTarget "iSugarCRMTests" */;
			buildPhases = (
				3B5C97E8147CF7BD007EF770 /* Sources */,
				3B5C97E9147CF7BD007EF770 /* Frameworks */,
				3B5C97EA147CF7BD007EF770 /* Resources */,
				3B5C97EB147CF7BD007EF770 /* ShellScript */,
			);
			buildRules = (
			);
			dependencies = (
				3B5C97F3147CF7BD007EF770 /* PBXTargetDependency */,
			);
			name = iSugarCRMTests;
			productName = iSugarCRMTests;
			productReference = 3B5C97ED147CF7BD007EF770 /* iSugarCRMTests.octest */;
			productType = "com.apple.product-type.bundle";
		};
/* End PBXNativeTarget section */

/* Begin PBXProject section */
		3B5C97C3147CF7BC007EF770 /* Project object */ = {
			isa = PBXProject;
			attributes = {
				LastUpgradeCheck = 0420;
			};
			buildConfigurationList = 3B5C97C6147CF7BC007EF770 /* Build configuration list for PBXProject "iSugarCRM" */;
			compatibilityVersion = "Xcode 3.2";
			developmentRegion = English;
			hasScannedForEncodings = 0;
			knownRegions = (
				en,
			);
			mainGroup = 3B5C97C1147CF7BC007EF770;
			productRefGroup = 3B5C97CD147CF7BC007EF770 /* Products */;
			projectDirPath = "";
			projectRoot = "";
			targets = (
				3B5C97CB147CF7BC007EF770 /* iSugarCRM */,
				3B5C97EC147CF7BD007EF770 /* iSugarCRMTests */,
			);
		};
/* End PBXProject section */

/* Begin PBXResourcesBuildPhase section */
		3B5C97CA147CF7BC007EF770 /* Resources */ = {
			isa = PBXResourcesBuildPhase;
			buildActionMask = 2147483647;
			files = (
				3B5C97DB147CF7BC007EF770 /* InfoPlist.strings in Resources */,
				2FFC25A2148EB17B0060D5A6 /* CRMDatabase.db in Resources */,
				2FB601A214A2CF810071AAA0 /* SugarMetadata.plist in Resources */,
			);
			runOnlyForDeploymentPostprocessing = 0;
		};
		3B5C97EA147CF7BD007EF770 /* Resources */ = {
			isa = PBXResourcesBuildPhase;
			buildActionMask = 2147483647;
			files = (
				3B5C97F9147CF7BD007EF770 /* InfoPlist.strings in Resources */,
			);
			runOnlyForDeploymentPostprocessing = 0;
		};
/* End PBXResourcesBuildPhase section */

/* Begin PBXShellScriptBuildPhase section */
		3B5C97EB147CF7BD007EF770 /* ShellScript */ = {
			isa = PBXShellScriptBuildPhase;
			buildActionMask = 2147483647;
			files = (
			);
			inputPaths = (
			);
			outputPaths = (
			);
			runOnlyForDeploymentPostprocessing = 0;
			shellPath = /bin/sh;
			shellScript = "# Run the unit tests in this test bundle.\n\"${SYSTEM_DEVELOPER_DIR}/Tools/RunUnitTests\"\n";
		};
/* End PBXShellScriptBuildPhase section */

/* Begin PBXSourcesBuildPhase section */
		3B5C97C8147CF7BC007EF770 /* Sources */ = {
			isa = PBXSourcesBuildPhase;
			buildActionMask = 2147483647;
			files = (
				3B5C97DD147CF7BC007EF770 /* main.m in Sources */,
				3B5C97E1147CF7BD007EF770 /* AppDelegate.m in Sources */,
				3B5C9808147CF800007EF770 /* MetadataStore.m in Sources */,
				3B5C980E147CF82A007EF770 /* ViewMetadataStore.m in Sources */,
				3B5C9811147CF83E007EF770 /* WebserviceSession.m in Sources */,
				3B5C9814147CF850007EF770 /* DBSession.m in Sources */,
				3B5C9817147CF85F007EF770 /* ViewSession.m in Sources */,
				3B5C981E1484BE27007EF770 /* WebserviceMetadata.m in Sources */,
				3B5C98221484C2DA007EF770 /* SugarCRMMetadataStore.m in Sources */,
				3B5C98251484F086007EF770 /* DataObjectField.m in Sources */,
				3B5C98281484F150007EF770 /* DataObjectMetadata.m in Sources */,
				3B5C982B1484F1E5007EF770 /* DataObject.m in Sources */,
				3B504E5714862E410037D75E /* DBMetadata.m in Sources */,
				2F6C46A0148676A400865C25 /* OrderedDictionary.m in Sources */,
				2F6C46A1148676A400865C25 /* JSONKit.m in Sources */,
				3B3E6276148E2F8A002BAE48 /* ListViewMetadata.m in Sources */,
				3B3E627A148E32AE002BAE48 /* ListViewController.m in Sources */,
				3B3E627E148E35D9002BAE48 /* DetailViewMetadata.m in Sources */,
				2FD9F4B9148D0DEC00446A5F /* SqliteObj.m in Sources */,
				2FBBDFC41495DDF0000CFB80 /* RootViewController.m in Sources */,
				2FBBDFC8149644B5000CFB80 /* SyncHandler.m in Sources */,
				2FCB48F214A21328009079A1 /* DetailViewRowItem.m in Sources */,
				2FCB48F314A21328009079A1 /* DetailViewSectionItem.m in Sources */,
				2FCB48F414A21328009079A1 /* DetailViewController.m in Sources */,
			);
			runOnlyForDeploymentPostprocessing = 0;
		};
		3B5C97E8147CF7BD007EF770 /* Sources */ = {
			isa = PBXSourcesBuildPhase;
			buildActionMask = 2147483647;
			files = (
				3B5C97FC147CF7BD007EF770 /* iSugarCRMTests.m in Sources */,
			);
			runOnlyForDeploymentPostprocessing = 0;
		};
/* End PBXSourcesBuildPhase section */

/* Begin PBXTargetDependency section */
		3B5C97F3147CF7BD007EF770 /* PBXTargetDependency */ = {
			isa = PBXTargetDependency;
			target = 3B5C97CB147CF7BC007EF770 /* iSugarCRM */;
			targetProxy = 3B5C97F2147CF7BD007EF770 /* PBXContainerItemProxy */;
		};
/* End PBXTargetDependency section */

/* Begin PBXVariantGroup section */
		3B5C97D9147CF7BC007EF770 /* InfoPlist.strings */ = {
			isa = PBXVariantGroup;
			children = (
				3B5C97DA147CF7BC007EF770 /* en */,
			);
			name = InfoPlist.strings;
			sourceTree = "<group>";
		};
		3B5C97F7147CF7BD007EF770 /* InfoPlist.strings */ = {
			isa = PBXVariantGroup;
			children = (
				3B5C97F8147CF7BD007EF770 /* en */,
			);
			name = InfoPlist.strings;
			sourceTree = "<group>";
		};
/* End PBXVariantGroup section */

/* Begin XCBuildConfiguration section */
		3B5C97FD147CF7BD007EF770 /* Debug */ = {
			isa = XCBuildConfiguration;
			buildSettings = {
				ALWAYS_SEARCH_USER_PATHS = NO;
				ARCHS = "$(ARCHS_STANDARD_32_BIT)";
				CLANG_ENABLE_OBJC_ARC = YES;
				"CODE_SIGN_IDENTITY[sdk=iphoneos*]" = "iPhone Developer";
				COPY_PHASE_STRIP = NO;
				GCC_C_LANGUAGE_STANDARD = gnu99;
				GCC_DYNAMIC_NO_PIC = NO;
				GCC_OPTIMIZATION_LEVEL = 0;
				GCC_PREPROCESSOR_DEFINITIONS = (
					"DEBUG=1",
					"$(inherited)",
				);
				GCC_SYMBOLS_PRIVATE_EXTERN = NO;
				GCC_VERSION = com.apple.compilers.llvm.clang.1_0;
				GCC_WARN_ABOUT_MISSING_PROTOTYPES = YES;
				GCC_WARN_ABOUT_RETURN_TYPE = YES;
				GCC_WARN_UNUSED_VARIABLE = YES;
				IPHONEOS_DEPLOYMENT_TARGET = 5.0;
				SDKROOT = iphoneos;
			};
			name = Debug;
		};
		3B5C97FE147CF7BD007EF770 /* Release */ = {
			isa = XCBuildConfiguration;
			buildSettings = {
				ALWAYS_SEARCH_USER_PATHS = NO;
				ARCHS = "$(ARCHS_STANDARD_32_BIT)";
				CLANG_ENABLE_OBJC_ARC = YES;
				"CODE_SIGN_IDENTITY[sdk=iphoneos*]" = "iPhone Developer";
				COPY_PHASE_STRIP = YES;
				GCC_C_LANGUAGE_STANDARD = gnu99;
				GCC_VERSION = com.apple.compilers.llvm.clang.1_0;
				GCC_WARN_ABOUT_MISSING_PROTOTYPES = YES;
				GCC_WARN_ABOUT_RETURN_TYPE = YES;
				GCC_WARN_UNUSED_VARIABLE = YES;
				IPHONEOS_DEPLOYMENT_TARGET = 5.0;
				OTHER_CFLAGS = "-DNS_BLOCK_ASSERTIONS=1";
				SDKROOT = iphoneos;
				VALIDATE_PRODUCT = YES;
			};
			name = Release;
		};
		3B5C9800147CF7BD007EF770 /* Debug */ = {
			isa = XCBuildConfiguration;
			buildSettings = {
				GCC_PRECOMPILE_PREFIX_HEADER = YES;
				GCC_PREFIX_HEADER = "iSugarCRM/iSugarCRM-Prefix.pch";
				INFOPLIST_FILE = "iSugarCRM/iSugarCRM-Info.plist";
				PRODUCT_NAME = "$(TARGET_NAME)";
				WRAPPER_EXTENSION = app;
			};
			name = Debug;
		};
		3B5C9801147CF7BD007EF770 /* Release */ = {
			isa = XCBuildConfiguration;
			buildSettings = {
				GCC_PRECOMPILE_PREFIX_HEADER = YES;
				GCC_PREFIX_HEADER = "iSugarCRM/iSugarCRM-Prefix.pch";
				INFOPLIST_FILE = "iSugarCRM/iSugarCRM-Info.plist";
				PRODUCT_NAME = "$(TARGET_NAME)";
				WRAPPER_EXTENSION = app;
			};
			name = Release;
		};
		3B5C9803147CF7BD007EF770 /* Debug */ = {
			isa = XCBuildConfiguration;
			buildSettings = {
				BUNDLE_LOADER = "$(BUILT_PRODUCTS_DIR)/iSugarCRM.app/iSugarCRM";
				FRAMEWORK_SEARCH_PATHS = (
					"$(SDKROOT)/Developer/Library/Frameworks",
					"$(DEVELOPER_LIBRARY_DIR)/Frameworks",
				);
				GCC_PRECOMPILE_PREFIX_HEADER = YES;
				GCC_PREFIX_HEADER = "iSugarCRM/iSugarCRM-Prefix.pch";
				INFOPLIST_FILE = "iSugarCRMTests/iSugarCRMTests-Info.plist";
				PRODUCT_NAME = "$(TARGET_NAME)";
				TEST_HOST = "$(BUNDLE_LOADER)";
				WRAPPER_EXTENSION = octest;
			};
			name = Debug;
		};
		3B5C9804147CF7BD007EF770 /* Release */ = {
			isa = XCBuildConfiguration;
			buildSettings = {
				BUNDLE_LOADER = "$(BUILT_PRODUCTS_DIR)/iSugarCRM.app/iSugarCRM";
				FRAMEWORK_SEARCH_PATHS = (
					"$(SDKROOT)/Developer/Library/Frameworks",
					"$(DEVELOPER_LIBRARY_DIR)/Frameworks",
				);
				GCC_PRECOMPILE_PREFIX_HEADER = YES;
				GCC_PREFIX_HEADER = "iSugarCRM/iSugarCRM-Prefix.pch";
				INFOPLIST_FILE = "iSugarCRMTests/iSugarCRMTests-Info.plist";
				PRODUCT_NAME = "$(TARGET_NAME)";
				TEST_HOST = "$(BUNDLE_LOADER)";
				WRAPPER_EXTENSION = octest;
			};
			name = Release;
		};
/* End XCBuildConfiguration section */

/* Begin XCConfigurationList section */
		3B5C97C6147CF7BC007EF770 /* Build configuration list for PBXProject "iSugarCRM" */ = {
			isa = XCConfigurationList;
			buildConfigurations = (
				3B5C97FD147CF7BD007EF770 /* Debug */,
				3B5C97FE147CF7BD007EF770 /* Release */,
			);
			defaultConfigurationIsVisible = 0;
			defaultConfigurationName = Debug;
		};
		3B5C97FF147CF7BD007EF770 /* Build configuration list for PBXNativeTarget "iSugarCRM" */ = {
			isa = XCConfigurationList;
			buildConfigurations = (
				3B5C9800147CF7BD007EF770 /* Debug */,
				3B5C9801147CF7BD007EF770 /* Release */,
			);
			defaultConfigurationIsVisible = 0;
			defaultConfigurationName = Debug;
		};
		3B5C9802147CF7BD007EF770 /* Build configuration list for PBXNativeTarget "iSugarCRMTests" */ = {
			isa = XCConfigurationList;
			buildConfigurations = (
				3B5C9803147CF7BD007EF770 /* Debug */,
				3B5C9804147CF7BD007EF770 /* Release */,
			);
			defaultConfigurationIsVisible = 0;
			defaultConfigurationName = Debug;
		};
/* End XCConfigurationList section */
	};
	rootObject = 3B5C97C3147CF7BC007EF770 /* Project object */;
}
